
Microsoft Visual Studio Solution File, Format Version 12.00
# Visual Studio Version 17
VisualStudioVersion = 17.1.31911.260
MinimumVisualStudioVersion = 10.0.40219.1
Project("{2150E333-8FDC-42A3-9474-1A3956D46DE8}") = "Test", "Test", "{80E410B3-D8D1-4C67-93FF-078530E20816}"
EndProject
Project("{9A19103F-16F7-4668-BE54-9A1E7A4F7556}") = "Test.Utilities", "src\Test.Utilities\Test.Utilities.csproj", "{0A0621F2-D1DC-47FF-B643-C6646557505E}"
EndProject
Project("{2150E333-8FDC-42A3-9474-1A3956D46DE8}") = "Utilities", "Utilities", "{1F4F7A9B-FD3B-495F-86D0-89A7DEA2128C}"
EndProject
Project("{2150E333-8FDC-42A3-9474-1A3956D46DE8}") = "Solution Items", "Solution Items", "{77D6EC8A-02B7-4EC9-B14A-E8C3A1543AAE}"
	ProjectSection(SolutionItems) = preProject
		.editorconfig = .editorconfig
		README.md = README.md
	EndProjectSection
EndProject
Project("{D954291E-2A0B-460D-934E-DC6B0785DB48}") = "Analyzer.Utilities", "src\Utilities\Compiler\Analyzer.Utilities.shproj", "{EC946164-1E17-410B-B7D9-7DE7E6268D63}"
EndProject
Project("{2150E333-8FDC-42A3-9474-1A3956D46DE8}") = "Tools", "Tools", "{C0B86774-8307-444F-9EE4-98D62C3424F9}"
EndProject
Project("{2150E333-8FDC-42A3-9474-1A3956D46DE8}") = "TestReferenceAssembly", "TestReferenceAssembly", "{4F3DD6F3-121C-4D38-9B8E-5065783EA832}"
EndProject
Project("{9A19103F-16F7-4668-BE54-9A1E7A4F7556}") = "TestReferenceAssembly", "src\TestReferenceAssembly\TestReferenceAssembly.csproj", "{774B5DF6-D14F-4839-95F3-D3632B754765}"
EndProject
Project("{9A19103F-16F7-4668-BE54-9A1E7A4F7556}") = "Analyzer.Utilities.UnitTests", "src\Utilities.UnitTests\Analyzer.Utilities.UnitTests.csproj", "{AFCB0C5B-E3C6-45AF-940B-AA38C7EC94EA}"
EndProject
Project("{D954291E-2A0B-460D-934E-DC6B0785DB48}") = "Workspaces.Utilities", "src\Utilities\Workspaces\Workspaces.Utilities.shproj", "{99F594B1-3916-471D-A761-A6731FC50E9A}"
EndProject
Project("{D954291E-2A0B-460D-934E-DC6B0785DB48}") = "FlowAnalysis.Utilities", "src\Utilities\FlowAnalysis\FlowAnalysis.Utilities.shproj", "{FCB56CBA-FA35-46A8-86B7-BAE5433197D9}"
EndProject
Project("{2150E333-8FDC-42A3-9474-1A3956D46DE8}") = "ReleaseNotesUtil", "ReleaseNotesUtil", "{6AAE1FC7-D96E-40CB-8B52-EA87EF9BF00A}"
EndProject
Project("{9A19103F-16F7-4668-BE54-9A1E7A4F7556}") = "ReleaseNotesUtil", "src\Tools\ReleaseNotesUtil\ReleaseNotesUtil.csproj", "{01518AF6-AE8F-4ADA-ABE4-C78F8234899F}"
EndProject
Project("{2150E333-8FDC-42A3-9474-1A3956D46DE8}") = "Microsoft.CodeAnalysis.NetAnalyzers", "Microsoft.CodeAnalysis.NetAnalyzers", "{31F86414-C34B-462A-AFB5-BDA7724904F3}"
EndProject
Project("{9A19103F-16F7-4668-BE54-9A1E7A4F7556}") = "Microsoft.CodeAnalysis.NetAnalyzers", "src\NetAnalyzers\Core\Microsoft.CodeAnalysis.NetAnalyzers.csproj", "{1C62A2F6-7A44-4030-9D1A-7E7A966736E5}"
EndProject
Project("{9A19103F-16F7-4668-BE54-9A1E7A4F7556}") = "Microsoft.CodeAnalysis.CSharp.NetAnalyzers", "src\NetAnalyzers\CSharp\Microsoft.CodeAnalysis.CSharp.NetAnalyzers.csproj", "{DC277D4D-9479-4B55-95BB-9FDB8A682DE1}"
EndProject
Project("{9A19103F-16F7-4668-BE54-9A1E7A4F7556}") = "Microsoft.CodeAnalysis.NetAnalyzers.Setup", "src\NetAnalyzers\Setup\Microsoft.CodeAnalysis.NetAnalyzers.Setup.csproj", "{9F4C5E8F-10EE-4193-BB36-A2FDE07B5557}"
EndProject
Project("{9A19103F-16F7-4668-BE54-9A1E7A4F7556}") = "Microsoft.CodeAnalysis.NetAnalyzers.UnitTests", "src\NetAnalyzers\UnitTests\Microsoft.CodeAnalysis.NetAnalyzers.UnitTests.csproj", "{F4F111E0-7108-47A7-97A1-A5B10207C0D8}"
EndProject
Project("{778DAE3C-4631-46EA-AA77-85C1314464D9}") = "Microsoft.CodeAnalysis.VisualBasic.NetAnalyzers", "src\NetAnalyzers\VisualBasic\Microsoft.CodeAnalysis.VisualBasic.NetAnalyzers.vbproj", "{C75555DC-D059-4665-A421-4EF5F30BD9B6}"
EndProject
Project("{9A19103F-16F7-4668-BE54-9A1E7A4F7556}") = "Microsoft.CodeAnalysis.NetAnalyzers.Package", "nuget\NetAnalyzers\Microsoft.CodeAnalysis.NetAnalyzers.Package.csproj", "{8AC54A99-5655-435B-8417-BF2F995BE66A}"
EndProject
Project("{2150E333-8FDC-42A3-9474-1A3956D46DE8}") = "GenerateDocumentationAndConfigFiles", "GenerateDocumentationAndConfigFiles", "{DB2DD702-8301-4FC6-B8C0-029C7DCC2931}"
EndProject
Project("{9A19103F-16F7-4668-BE54-9A1E7A4F7556}") = "GenerateDocumentationAndConfigFiles", "src\Tools\GenerateDocumentationAndConfigFiles\GenerateDocumentationAndConfigFiles.csproj", "{563654BA-4C05-4EA2-91D3-28A14723B7D5}"
EndProject
Project("{D954291E-2A0B-460D-934E-DC6B0785DB48}") = "Refactoring.Utilities", "src\Utilities\Refactoring\Refactoring.Utilities.shproj", "{68528C1C-B163-49A6-A19D-24E10F500F90}"
EndProject
Project("{D954291E-2A0B-460D-934E-DC6B0785DB48}") = "Refactoring.CSharp.Utilities", "src\Utilities\Refactoring.CSharp\Refactoring.CSharp.Utilities.shproj", "{3055F932-0D1E-4823-A03A-7B62C7639BDA}"
EndProject
Project("{D954291E-2A0B-460D-934E-DC6B0785DB48}") = "Refactoring.VisualBasic.Utilities", "src\Utilities\Refactoring.VisualBasic\Refactoring.VisualBasic.Utilities.shproj", "{4C362C30-C4B1-4C4B-A545-DBF67C7E9153}"
EndProject
Project("{9A19103F-16F7-4668-BE54-9A1E7A4F7556}") = "GenerateAnalyzerNuspec", "src\Tools\GenerateAnalyzerNuspec\GenerateAnalyzerNuspec.csproj", "{81E21880-3F26-42DC-9423-9DACB8933597}"
EndProject
Project("{9A19103F-16F7-4668-BE54-9A1E7A4F7556}") = "GenerateDocumentationAndConfigFilesForBrokenRuntime", "src\Tools\GenerateDocumentationAndConfigFilesForBrokenRuntime\GenerateDocumentationAndConfigFilesForBrokenRuntime.csproj", "{C151C513-5263-4936-AC06-F9A07AA94451}"
EndProject
Project("{2150E333-8FDC-42A3-9474-1A3956D46DE8}") = "PerformanceTests", "PerformanceTests", "{CE87A0B7-E19B-4230-A73C-60F6D65EB7DC}"
EndProject
Project("{2150E333-8FDC-42A3-9474-1A3956D46DE8}") = "Utilities", "Utilities", "{43852421-59D7-4D63-977E-F862E1CF467D}"
EndProject
Project("{9A19103F-16F7-4668-BE54-9A1E7A4F7556}") = "ReferenceAssemblies", "src\PerformanceTests\Utilities\ReferenceAssemblies\ReferenceAssemblies.csproj", "{382A7E99-4977-418C-B624-7ED7F7EE7914}"
EndProject
Project("{9A19103F-16F7-4668-BE54-9A1E7A4F7556}") = "CSharpPerfUtilities", "src\PerformanceTests\Utilities\CSharp\CSharpPerfUtilities.csproj", "{6A3B1816-97D3-4D30-8C6F-2F2DC288410B}"
EndProject
Project("{9A19103F-16F7-4668-BE54-9A1E7A4F7556}") = "CommonPerfUtilities", "src\PerformanceTests\Utilities\Common\CommonPerfUtilities.csproj", "{8EC7A06A-01F2-49CF-9C45-4357AAD82546}"
EndProject
Project("{9A19103F-16F7-4668-BE54-9A1E7A4F7556}") = "VisualBasicPerfUtilities", "src\PerformanceTests\Utilities\VisualBasic\VisualBasicPerfUtilities.csproj", "{8D764DDE-3762-4218-8BC4-CC1048095D5F}"
EndProject
Project("{9A19103F-16F7-4668-BE54-9A1E7A4F7556}") = "PerformanceTests", "src\PerformanceTests\Tests\PerformanceTests.csproj", "{4FE82B4D-4AF1-4076-9E85-529205866A80}"
EndProject
Project("{9A19103F-16F7-4668-BE54-9A1E7A4F7556}") = "PerfDiff", "src\Tools\PerfDiff\PerfDiff.csproj", "{AE549290-1702-4ECE-AE57-5FF4E85492C6}"
EndProject
Project("{2150E333-8FDC-42A3-9474-1A3956D46DE8}") = "PerfDiff", "PerfDiff", "{BEE4B62A-86BD-4613-8F94-F40364350643}"
EndProject
Project("{D954291E-2A0B-460D-934E-DC6B0785DB48}") = "Analyzer.CSharp.Utilities", "src\Utilities\Compiler.CSharp\Analyzer.CSharp.Utilities.shproj", "{BE5FE32C-DA73-4EC5-809E-E11B05ACA398}"
EndProject
Global
	GlobalSection(SolutionConfigurationPlatforms) = preSolution
		Debug|Any CPU = Debug|Any CPU
		Release|Any CPU = Release|Any CPU
	EndGlobalSection
	GlobalSection(ProjectConfigurationPlatforms) = postSolution
		{0A0621F2-D1DC-47FF-B643-C6646557505E}.Debug|Any CPU.ActiveCfg = Debug|Any CPU
		{0A0621F2-D1DC-47FF-B643-C6646557505E}.Debug|Any CPU.Build.0 = Debug|Any CPU
		{0A0621F2-D1DC-47FF-B643-C6646557505E}.Release|Any CPU.ActiveCfg = Release|Any CPU
		{0A0621F2-D1DC-47FF-B643-C6646557505E}.Release|Any CPU.Build.0 = Release|Any CPU
		{774B5DF6-D14F-4839-95F3-D3632B754765}.Debug|Any CPU.ActiveCfg = Debug|Any CPU
		{774B5DF6-D14F-4839-95F3-D3632B754765}.Debug|Any CPU.Build.0 = Debug|Any CPU
		{774B5DF6-D14F-4839-95F3-D3632B754765}.Release|Any CPU.ActiveCfg = Release|Any CPU
		{774B5DF6-D14F-4839-95F3-D3632B754765}.Release|Any CPU.Build.0 = Release|Any CPU
		{AFCB0C5B-E3C6-45AF-940B-AA38C7EC94EA}.Debug|Any CPU.ActiveCfg = Debug|Any CPU
		{AFCB0C5B-E3C6-45AF-940B-AA38C7EC94EA}.Debug|Any CPU.Build.0 = Debug|Any CPU
		{AFCB0C5B-E3C6-45AF-940B-AA38C7EC94EA}.Release|Any CPU.ActiveCfg = Release|Any CPU
		{AFCB0C5B-E3C6-45AF-940B-AA38C7EC94EA}.Release|Any CPU.Build.0 = Release|Any CPU
		{01518AF6-AE8F-4ADA-ABE4-C78F8234899F}.Debug|Any CPU.ActiveCfg = Debug|Any CPU
		{01518AF6-AE8F-4ADA-ABE4-C78F8234899F}.Debug|Any CPU.Build.0 = Debug|Any CPU
		{01518AF6-AE8F-4ADA-ABE4-C78F8234899F}.Release|Any CPU.ActiveCfg = Release|Any CPU
		{01518AF6-AE8F-4ADA-ABE4-C78F8234899F}.Release|Any CPU.Build.0 = Release|Any CPU
		{1C62A2F6-7A44-4030-9D1A-7E7A966736E5}.Debug|Any CPU.ActiveCfg = Debug|Any CPU
		{1C62A2F6-7A44-4030-9D1A-7E7A966736E5}.Debug|Any CPU.Build.0 = Debug|Any CPU
		{1C62A2F6-7A44-4030-9D1A-7E7A966736E5}.Release|Any CPU.ActiveCfg = Release|Any CPU
		{1C62A2F6-7A44-4030-9D1A-7E7A966736E5}.Release|Any CPU.Build.0 = Release|Any CPU
		{DC277D4D-9479-4B55-95BB-9FDB8A682DE1}.Debug|Any CPU.ActiveCfg = Debug|Any CPU
		{DC277D4D-9479-4B55-95BB-9FDB8A682DE1}.Debug|Any CPU.Build.0 = Debug|Any CPU
		{DC277D4D-9479-4B55-95BB-9FDB8A682DE1}.Release|Any CPU.ActiveCfg = Release|Any CPU
		{DC277D4D-9479-4B55-95BB-9FDB8A682DE1}.Release|Any CPU.Build.0 = Release|Any CPU
		{9F4C5E8F-10EE-4193-BB36-A2FDE07B5557}.Debug|Any CPU.ActiveCfg = Debug|Any CPU
		{9F4C5E8F-10EE-4193-BB36-A2FDE07B5557}.Debug|Any CPU.Build.0 = Debug|Any CPU
		{9F4C5E8F-10EE-4193-BB36-A2FDE07B5557}.Release|Any CPU.ActiveCfg = Release|Any CPU
		{9F4C5E8F-10EE-4193-BB36-A2FDE07B5557}.Release|Any CPU.Build.0 = Release|Any CPU
		{F4F111E0-7108-47A7-97A1-A5B10207C0D8}.Debug|Any CPU.ActiveCfg = Debug|Any CPU
		{F4F111E0-7108-47A7-97A1-A5B10207C0D8}.Debug|Any CPU.Build.0 = Debug|Any CPU
		{F4F111E0-7108-47A7-97A1-A5B10207C0D8}.Release|Any CPU.ActiveCfg = Release|Any CPU
		{F4F111E0-7108-47A7-97A1-A5B10207C0D8}.Release|Any CPU.Build.0 = Release|Any CPU
		{C75555DC-D059-4665-A421-4EF5F30BD9B6}.Debug|Any CPU.ActiveCfg = Debug|Any CPU
		{C75555DC-D059-4665-A421-4EF5F30BD9B6}.Debug|Any CPU.Build.0 = Debug|Any CPU
		{C75555DC-D059-4665-A421-4EF5F30BD9B6}.Release|Any CPU.ActiveCfg = Release|Any CPU
		{C75555DC-D059-4665-A421-4EF5F30BD9B6}.Release|Any CPU.Build.0 = Release|Any CPU
		{8AC54A99-5655-435B-8417-BF2F995BE66A}.Debug|Any CPU.ActiveCfg = Debug|Any CPU
		{8AC54A99-5655-435B-8417-BF2F995BE66A}.Debug|Any CPU.Build.0 = Debug|Any CPU
		{8AC54A99-5655-435B-8417-BF2F995BE66A}.Release|Any CPU.ActiveCfg = Release|Any CPU
		{8AC54A99-5655-435B-8417-BF2F995BE66A}.Release|Any CPU.Build.0 = Release|Any CPU
		{563654BA-4C05-4EA2-91D3-28A14723B7D5}.Debug|Any CPU.ActiveCfg = Debug|Any CPU
		{563654BA-4C05-4EA2-91D3-28A14723B7D5}.Debug|Any CPU.Build.0 = Debug|Any CPU
		{563654BA-4C05-4EA2-91D3-28A14723B7D5}.Release|Any CPU.ActiveCfg = Release|Any CPU
		{563654BA-4C05-4EA2-91D3-28A14723B7D5}.Release|Any CPU.Build.0 = Release|Any CPU
		{81E21880-3F26-42DC-9423-9DACB8933597}.Debug|Any CPU.ActiveCfg = Debug|Any CPU
		{81E21880-3F26-42DC-9423-9DACB8933597}.Debug|Any CPU.Build.0 = Debug|Any CPU
		{81E21880-3F26-42DC-9423-9DACB8933597}.Release|Any CPU.ActiveCfg = Release|Any CPU
		{81E21880-3F26-42DC-9423-9DACB8933597}.Release|Any CPU.Build.0 = Release|Any CPU
		{C151C513-5263-4936-AC06-F9A07AA94451}.Debug|Any CPU.ActiveCfg = Debug|Any CPU
		{C151C513-5263-4936-AC06-F9A07AA94451}.Debug|Any CPU.Build.0 = Debug|Any CPU
		{C151C513-5263-4936-AC06-F9A07AA94451}.Release|Any CPU.ActiveCfg = Release|Any CPU
		{C151C513-5263-4936-AC06-F9A07AA94451}.Release|Any CPU.Build.0 = Release|Any CPU
		{382A7E99-4977-418C-B624-7ED7F7EE7914}.Debug|Any CPU.ActiveCfg = Debug|Any CPU
		{382A7E99-4977-418C-B624-7ED7F7EE7914}.Debug|Any CPU.Build.0 = Debug|Any CPU
		{382A7E99-4977-418C-B624-7ED7F7EE7914}.Release|Any CPU.ActiveCfg = Release|Any CPU
		{382A7E99-4977-418C-B624-7ED7F7EE7914}.Release|Any CPU.Build.0 = Release|Any CPU
		{6A3B1816-97D3-4D30-8C6F-2F2DC288410B}.Debug|Any CPU.ActiveCfg = Debug|Any CPU
		{6A3B1816-97D3-4D30-8C6F-2F2DC288410B}.Debug|Any CPU.Build.0 = Debug|Any CPU
		{6A3B1816-97D3-4D30-8C6F-2F2DC288410B}.Release|Any CPU.ActiveCfg = Release|Any CPU
		{6A3B1816-97D3-4D30-8C6F-2F2DC288410B}.Release|Any CPU.Build.0 = Release|Any CPU
		{8EC7A06A-01F2-49CF-9C45-4357AAD82546}.Debug|Any CPU.ActiveCfg = Debug|Any CPU
		{8EC7A06A-01F2-49CF-9C45-4357AAD82546}.Debug|Any CPU.Build.0 = Debug|Any CPU
		{8EC7A06A-01F2-49CF-9C45-4357AAD82546}.Release|Any CPU.ActiveCfg = Release|Any CPU
		{8EC7A06A-01F2-49CF-9C45-4357AAD82546}.Release|Any CPU.Build.0 = Release|Any CPU
		{8D764DDE-3762-4218-8BC4-CC1048095D5F}.Debug|Any CPU.ActiveCfg = Debug|Any CPU
		{8D764DDE-3762-4218-8BC4-CC1048095D5F}.Debug|Any CPU.Build.0 = Debug|Any CPU
		{8D764DDE-3762-4218-8BC4-CC1048095D5F}.Release|Any CPU.ActiveCfg = Release|Any CPU
		{8D764DDE-3762-4218-8BC4-CC1048095D5F}.Release|Any CPU.Build.0 = Release|Any CPU
		{4FE82B4D-4AF1-4076-9E85-529205866A80}.Debug|Any CPU.ActiveCfg = Debug|Any CPU
		{4FE82B4D-4AF1-4076-9E85-529205866A80}.Debug|Any CPU.Build.0 = Debug|Any CPU
		{4FE82B4D-4AF1-4076-9E85-529205866A80}.Release|Any CPU.ActiveCfg = Release|Any CPU
		{4FE82B4D-4AF1-4076-9E85-529205866A80}.Release|Any CPU.Build.0 = Release|Any CPU
		{AE549290-1702-4ECE-AE57-5FF4E85492C6}.Debug|Any CPU.ActiveCfg = Debug|Any CPU
		{AE549290-1702-4ECE-AE57-5FF4E85492C6}.Debug|Any CPU.Build.0 = Debug|Any CPU
		{AE549290-1702-4ECE-AE57-5FF4E85492C6}.Release|Any CPU.ActiveCfg = Release|Any CPU
		{AE549290-1702-4ECE-AE57-5FF4E85492C6}.Release|Any CPU.Build.0 = Release|Any CPU
	EndGlobalSection
	GlobalSection(SolutionProperties) = preSolution
		HideSolutionNode = FALSE
	EndGlobalSection
	GlobalSection(NestedProjects) = preSolution
		{0A0621F2-D1DC-47FF-B643-C6646557505E} = {80E410B3-D8D1-4C67-93FF-078530E20816}
		{EC946164-1E17-410B-B7D9-7DE7E6268D63} = {1F4F7A9B-FD3B-495F-86D0-89A7DEA2128C}
		{774B5DF6-D14F-4839-95F3-D3632B754765} = {4F3DD6F3-121C-4D38-9B8E-5065783EA832}
		{AFCB0C5B-E3C6-45AF-940B-AA38C7EC94EA} = {1F4F7A9B-FD3B-495F-86D0-89A7DEA2128C}
		{99F594B1-3916-471D-A761-A6731FC50E9A} = {1F4F7A9B-FD3B-495F-86D0-89A7DEA2128C}
		{FCB56CBA-FA35-46A8-86B7-BAE5433197D9} = {1F4F7A9B-FD3B-495F-86D0-89A7DEA2128C}
		{6AAE1FC7-D96E-40CB-8B52-EA87EF9BF00A} = {C0B86774-8307-444F-9EE4-98D62C3424F9}
		{01518AF6-AE8F-4ADA-ABE4-C78F8234899F} = {6AAE1FC7-D96E-40CB-8B52-EA87EF9BF00A}
		{1C62A2F6-7A44-4030-9D1A-7E7A966736E5} = {31F86414-C34B-462A-AFB5-BDA7724904F3}
		{DC277D4D-9479-4B55-95BB-9FDB8A682DE1} = {31F86414-C34B-462A-AFB5-BDA7724904F3}
		{9F4C5E8F-10EE-4193-BB36-A2FDE07B5557} = {31F86414-C34B-462A-AFB5-BDA7724904F3}
		{F4F111E0-7108-47A7-97A1-A5B10207C0D8} = {31F86414-C34B-462A-AFB5-BDA7724904F3}
		{C75555DC-D059-4665-A421-4EF5F30BD9B6} = {31F86414-C34B-462A-AFB5-BDA7724904F3}
		{8AC54A99-5655-435B-8417-BF2F995BE66A} = {31F86414-C34B-462A-AFB5-BDA7724904F3}
		{DB2DD702-8301-4FC6-B8C0-029C7DCC2931} = {C0B86774-8307-444F-9EE4-98D62C3424F9}
		{563654BA-4C05-4EA2-91D3-28A14723B7D5} = {DB2DD702-8301-4FC6-B8C0-029C7DCC2931}
		{68528C1C-B163-49A6-A19D-24E10F500F90} = {1F4F7A9B-FD3B-495F-86D0-89A7DEA2128C}
		{3055F932-0D1E-4823-A03A-7B62C7639BDA} = {1F4F7A9B-FD3B-495F-86D0-89A7DEA2128C}
		{4C362C30-C4B1-4C4B-A545-DBF67C7E9153} = {1F4F7A9B-FD3B-495F-86D0-89A7DEA2128C}
		{81E21880-3F26-42DC-9423-9DACB8933597} = {DB2DD702-8301-4FC6-B8C0-029C7DCC2931}
		{C151C513-5263-4936-AC06-F9A07AA94451} = {DB2DD702-8301-4FC6-B8C0-029C7DCC2931}
		{43852421-59D7-4D63-977E-F862E1CF467D} = {CE87A0B7-E19B-4230-A73C-60F6D65EB7DC}
		{382A7E99-4977-418C-B624-7ED7F7EE7914} = {43852421-59D7-4D63-977E-F862E1CF467D}
		{6A3B1816-97D3-4D30-8C6F-2F2DC288410B} = {43852421-59D7-4D63-977E-F862E1CF467D}
		{8EC7A06A-01F2-49CF-9C45-4357AAD82546} = {43852421-59D7-4D63-977E-F862E1CF467D}
		{8D764DDE-3762-4218-8BC4-CC1048095D5F} = {43852421-59D7-4D63-977E-F862E1CF467D}
		{4FE82B4D-4AF1-4076-9E85-529205866A80} = {CE87A0B7-E19B-4230-A73C-60F6D65EB7DC}
		{AE549290-1702-4ECE-AE57-5FF4E85492C6} = {BEE4B62A-86BD-4613-8F94-F40364350643}
		{BEE4B62A-86BD-4613-8F94-F40364350643} = {C0B86774-8307-444F-9EE4-98D62C3424F9}
		{BE5FE32C-DA73-4EC5-809E-E11B05ACA398} = {1F4F7A9B-FD3B-495F-86D0-89A7DEA2128C}
	EndGlobalSection
	GlobalSection(ExtensibilityGlobals) = postSolution
		SolutionGuid = {FC44ACA9-AEA3-4EE6-881C-2E08ED281B5F}
	EndGlobalSection
	GlobalSection(SharedMSBuildProjectFiles) = preSolution
		src\Utilities\Compiler\Analyzer.Utilities.projitems*{0a0621f2-d1dc-47ff-b643-c6646557505e}*SharedItemsImports = 5
		src\Utilities\Workspaces\Workspaces.Utilities.projitems*{0a0621f2-d1dc-47ff-b643-c6646557505e}*SharedItemsImports = 5
		src\Utilities\Compiler\Analyzer.Utilities.projitems*{1c62a2f6-7a44-4030-9d1a-7e7a966736e5}*SharedItemsImports = 5
		src\Utilities\FlowAnalysis\FlowAnalysis.Utilities.projitems*{1c62a2f6-7a44-4030-9d1a-7e7a966736e5}*SharedItemsImports = 5
		src\Utilities\Workspaces\Workspaces.Utilities.projitems*{1c62a2f6-7a44-4030-9d1a-7e7a966736e5}*SharedItemsImports = 5
		src\Utilities\Refactoring.CSharp\Refactoring.CSharp.Utilities.projitems*{3055f932-0d1e-4823-a03a-7b62c7639bda}*SharedItemsImports = 13
		src\Utilities\Refactoring.VisualBasic\Refactoring.VisualBasic.Utilities.projitems*{4c362c30-c4b1-4c4b-a545-dbf67c7e9153}*SharedItemsImports = 13
		src\Utilities\Refactoring\Refactoring.Utilities.projitems*{68528c1c-b163-49a6-a19d-24e10f500f90}*SharedItemsImports = 13
		src\Utilities\Workspaces\Workspaces.Utilities.projitems*{99f594b1-3916-471d-a761-a6731fc50e9a}*SharedItemsImports = 13
		src\Utilities\Compiler.CSharp\Analyzer.CSharp.Utilities.projitems*{be5fe32c-da73-4ec5-809e-e11b05aca398}*SharedItemsImports = 13
		src\Utilities\Compiler.CSharp\Analyzer.CSharp.Utilities.projitems*{dc277d4d-9479-4b55-95bb-9fdb8a682de1}*SharedItemsImports = 5
		src\Utilities\Compiler\Analyzer.Utilities.projitems*{ec946164-1e17-410b-b7d9-7de7e6268d63}*SharedItemsImports = 13
		src\Utilities\FlowAnalysis\FlowAnalysis.Utilities.projitems*{fcb56cba-fa35-46a8-86b7-bae5433197d9}*SharedItemsImports = 13
	EndGlobalSection
EndGlobal
