Microsoft Visual Studio Solution File, Format Version 12.00
# Visual Studio Version 16
VisualStudioVersion = 16.0.28531.58
MinimumVisualStudioVersion = 10.0.40219.1
Project("{2150E333-8FDC-42A3-9474-1A3956D46DE8}") = "Roslyn.Diagnostics.Analyzers", "Roslyn.Diagnostics.Analyzers", "{72AAA528-FD70-45DA-82F8-1D29FC27F81F}"
EndProject
Project("{9A19103F-16F7-4668-BE54-9A1E7A4F7556}") = "Roslyn.Diagnostics.Analyzers", "src\Roslyn.Diagnostics.Analyzers\Core\Roslyn.Diagnostics.Analyzers.csproj", "{B475C173-A39D-4A75-93FF-69C3D2742CAD}"
EndProject
Project("{9A19103F-16F7-4668-BE54-9A1E7A4F7556}") = "Roslyn.Diagnostics.CSharp.Analyzers", "src\Roslyn.Diagnostics.Analyzers\CSharp\Roslyn.Diagnostics.CSharp.Analyzers.csproj", "{697E2991-39A8-46C2-AA9C-FE576FBBCD90}"
EndProject
Project("{778DAE3C-4631-46EA-AA77-85C1314464D9}") = "Roslyn.Diagnostics.VisualBasic.Analyzers", "src\Roslyn.Diagnostics.Analyzers\VisualBasic\Roslyn.Diagnostics.VisualBasic.Analyzers.vbproj", "{70BBA457-2CC1-4929-8FEE-359EBB7C398A}"
EndProject
Project("{9A19103F-16F7-4668-BE54-9A1E7A4F7556}") = "Roslyn.Diagnostics.Analyzers.UnitTests", "src\Roslyn.Diagnostics.Analyzers\UnitTests\Roslyn.Diagnostics.Analyzers.UnitTests.csproj", "{D90E7402-70E7-4A95-A292-47EA163D6309}"
EndProject
Project("{9A19103F-16F7-4668-BE54-9A1E7A4F7556}") = "Roslyn.Diagnostics.Analyzers.Setup", "src\Roslyn.Diagnostics.Analyzers\Setup\Roslyn.Diagnostics.Analyzers.Setup.csproj", "{BD80CDC4-25FF-4268-8131-F7A43260122B}"
EndProject
Project("{2150E333-8FDC-42A3-9474-1A3956D46DE8}") = "Test", "Test", "{80E410B3-D8D1-4C67-93FF-078530E20816}"
EndProject
Project("{9A19103F-16F7-4668-BE54-9A1E7A4F7556}") = "Test.Utilities", "src\Test.Utilities\Test.Utilities.csproj", "{0A0621F2-D1DC-47FF-B643-C6646557505E}"
EndProject
Project("{2150E333-8FDC-42A3-9474-1A3956D46DE8}") = "Utilities", "Utilities", "{1F4F7A9B-FD3B-495F-86D0-89A7DEA2128C}"
EndProject
Project("{2150E333-8FDC-42A3-9474-1A3956D46DE8}") = "Microsoft.CodeAnalysis.Analyzers", "Microsoft.CodeAnalysis.Analyzers", "{041E93F2-E703-4AB1-B6DF-13EC899D1C6E}"
EndProject
Project("{9A19103F-16F7-4668-BE54-9A1E7A4F7556}") = "Microsoft.CodeAnalysis.Analyzers", "src\Microsoft.CodeAnalysis.Analyzers\Core\Microsoft.CodeAnalysis.Analyzers.csproj", "{D8762A0A-3832-47BE-BCF6-8B1060BE6B28}"
EndProject
Project("{9A19103F-16F7-4668-BE54-9A1E7A4F7556}") = "Microsoft.CodeAnalysis.CSharp.Analyzers", "src\Microsoft.CodeAnalysis.Analyzers\CSharp\Microsoft.CodeAnalysis.CSharp.Analyzers.csproj", "{921B412A-5551-4853-82B4-46AD5A05A03E}"
EndProject
Project("{778DAE3C-4631-46EA-AA77-85C1314464D9}") = "Microsoft.CodeAnalysis.VisualBasic.Analyzers", "src\Microsoft.CodeAnalysis.Analyzers\VisualBasic\Microsoft.CodeAnalysis.VisualBasic.Analyzers.vbproj", "{B1A6A74B-E484-48FB-8745-7A30A06DB631}"
EndProject
Project("{9A19103F-16F7-4668-BE54-9A1E7A4F7556}") = "Microsoft.CodeAnalysis.Analyzers.UnitTests", "src\Microsoft.CodeAnalysis.Analyzers\UnitTests\Microsoft.CodeAnalysis.Analyzers.UnitTests.csproj", "{0C2925AD-CD97-46FA-A686-E2C1AD19DAD8}"
EndProject
Project("{9A19103F-16F7-4668-BE54-9A1E7A4F7556}") = "Microsoft.CodeAnalysis.Analyzers.Setup", "src\Microsoft.CodeAnalysis.Analyzers\Setup\Microsoft.CodeAnalysis.Analyzers.Setup.csproj", "{54F6AE18-B0CD-4799-9DF0-9B1AAD6A78AF}"
EndProject
Project("{2150E333-8FDC-42A3-9474-1A3956D46DE8}") = "Text.Analyzers", "Text.Analyzers", "{446787CE-66C8-43F0-9D51-585BB41FC770}"
EndProject
Project("{9A19103F-16F7-4668-BE54-9A1E7A4F7556}") = "Text.Analyzers", "src\Text.Analyzers\Core\Text.Analyzers.csproj", "{730C2D1C-0276-4132-85EA-675CE60068BB}"
EndProject
Project("{9A19103F-16F7-4668-BE54-9A1E7A4F7556}") = "Text.CSharp.Analyzers", "src\Text.Analyzers\CSharp\Text.CSharp.Analyzers.csproj", "{0EA928BE-51C1-4087-B48A-ECE9C5E0C5B0}"
EndProject
Project("{9A19103F-16F7-4668-BE54-9A1E7A4F7556}") = "Text.Analyzers.Setup", "src\Text.Analyzers\Setup\Text.Analyzers.Setup.csproj", "{EA61DA2E-D175-4430-A56B-17BAC4B227A9}"
EndProject
Project("{9A19103F-16F7-4668-BE54-9A1E7A4F7556}") = "Text.Analyzers.UnitTests", "src\Text.Analyzers\UnitTests\Text.Analyzers.UnitTests.csproj", "{6762EB1D-517C-4746-80EB-D11717ACD469}"
EndProject
Project("{778DAE3C-4631-46EA-AA77-85C1314464D9}") = "Text.VisualBasic.Analyzers", "src\Text.Analyzers\VisualBasic\Text.VisualBasic.Analyzers.vbproj", "{938F2420-14B8-4C7C-93BE-C9E89E08E823}"
EndProject
Project("{2150E333-8FDC-42A3-9474-1A3956D46DE8}") = "Solution Items", "Solution Items", "{77D6EC8A-02B7-4EC9-B14A-E8C3A1543AAE}"
	ProjectSection(SolutionItems) = preProject
		.editorconfig = .editorconfig
		README.md = README.md
	EndProjectSection
EndProject
Project("{9A19103F-16F7-4668-BE54-9A1E7A4F7556}") = "Microsoft.CodeAnalysis.Analyzers.Package", "nuget\Microsoft.CodeAnalysis.Analyzers\Microsoft.CodeAnalysis.Analyzers.Package.csproj", "{9E184844-18B8-446E-8EFB-25FFF76EE347}"
EndProject
Project("{9A19103F-16F7-4668-BE54-9A1E7A4F7556}") = "Roslyn.Diagnostics.Analyzers.Package", "nuget\Roslyn.Diagnostics.Analyzers\Roslyn.Diagnostics.Analyzers.Package.csproj", "{2569B087-6465-425E-986D-BD0D32FC8AA5}"
EndProject
Project("{9A19103F-16F7-4668-BE54-9A1E7A4F7556}") = "Text.Analyzers.Package", "nuget\Text.Analyzers\Text.Analyzers.Package.csproj", "{0A7C9A18-888A-4028-B88F-989DA6A0140B}"
EndProject
Project("{2150E333-8FDC-42A3-9474-1A3956D46DE8}") = "MetaCompilation.Analyzers", "MetaCompilation.Analyzers", "{7FEEECAE-4EC2-469C-868A-0B38435C756C}"
EndProject
Project("{9A19103F-16F7-4668-BE54-9A1E7A4F7556}") = "MetaCompilation.Analyzers", "src\MetaCompilation.Analyzers\Core\MetaCompilation.Analyzers.csproj", "{2A520F3E-8C5D-43FE-AA03-FE5E3C5F23D1}"
EndProject
Project("{9A19103F-16F7-4668-BE54-9A1E7A4F7556}") = "MetaCompilation.Analyzers.Setup", "src\MetaCompilation.Analyzers\Setup\MetaCompilation.Analyzers.Setup.csproj", "{D70D8CBB-1AD0-49DE-83A8-07990915A843}"
EndProject
Project("{9A19103F-16F7-4668-BE54-9A1E7A4F7556}") = "MetaCompilation.Analyzers.UnitTests", "src\MetaCompilation.Analyzers\UnitTests\MetaCompilation.Analyzers.UnitTests.csproj", "{390DBE36-C8AF-4882-BB5D-87EFBF06B8A8}"
EndProject
Project("{9A19103F-16F7-4668-BE54-9A1E7A4F7556}") = "MetaCompilation.Analyzers.Package", "nuget\MetaCompilation.Analyzers\MetaCompilation.Analyzers.Package.csproj", "{722141A2-91FE-411A-A64F-A2A2A7150122}"
EndProject
Project("{D954291E-2A0B-460D-934E-DC6B0785DB48}") = "Analyzer.Utilities", "src\Utilities\Compiler\Analyzer.Utilities.shproj", "{EC946164-1E17-410B-B7D9-7DE7E6268D63}"
EndProject
Project("{2150E333-8FDC-42A3-9474-1A3956D46DE8}") = "Tools", "Tools", "{C0B86774-8307-444F-9EE4-98D62C3424F9}"
EndProject
Project("{2150E333-8FDC-42A3-9474-1A3956D46DE8}") = "TestReferenceAssembly", "TestReferenceAssembly", "{4F3DD6F3-121C-4D38-9B8E-5065783EA832}"
EndProject
Project("{9A19103F-16F7-4668-BE54-9A1E7A4F7556}") = "TestReferenceAssembly", "src\TestReferenceAssembly\TestReferenceAssembly.csproj", "{774B5DF6-D14F-4839-95F3-D3632B754765}"
EndProject
Project("{9A19103F-16F7-4668-BE54-9A1E7A4F7556}") = "Analyzer.Utilities.UnitTests", "src\Utilities.UnitTests\Analyzer.Utilities.UnitTests.csproj", "{AFCB0C5B-E3C6-45AF-940B-AA38C7EC94EA}"
EndProject
Project("{2150E333-8FDC-42A3-9474-1A3956D46DE8}") = "Microsoft.CodeAnalysis.PerformanceSensitiveAnalyzers", "Microsoft.CodeAnalysis.PerformanceSensitiveAnalyzers", "{34430BD4-4D66-4FE6-8076-51B87B4FBCD4}"
EndProject
Project("{D954291E-2A0B-460D-934E-DC6B0785DB48}") = "Workspaces.Utilities", "src\Utilities\Workspaces\Workspaces.Utilities.shproj", "{99F594B1-3916-471D-A761-A6731FC50E9A}"
EndProject
Project("{D954291E-2A0B-460D-934E-DC6B0785DB48}") = "FlowAnalysis.Utilities", "src\Utilities\FlowAnalysis\FlowAnalysis.Utilities.shproj", "{FCB56CBA-FA35-46A8-86B7-BAE5433197D9}"
EndProject
Project("{2150E333-8FDC-42A3-9474-1A3956D46DE8}") = "Microsoft.CodeAnalysis.AnalyzerUtilities", "Microsoft.CodeAnalysis.AnalyzerUtilities", "{1A3624C9-EB8A-4F27-98F8-9FAEAB30604E}"
EndProject
Project("{2150E333-8FDC-42A3-9474-1A3956D46DE8}") = "Microsoft.CodeAnalysis.BannedApiAnalyzers", "Microsoft.CodeAnalysis.BannedApiAnalyzers", "{8D64F6D4-951C-413E-8A53-FB708F9FB5CD}"
EndProject
Project("{2150E333-8FDC-42A3-9474-1A3956D46DE8}") = "Microsoft.CodeAnalysis.PublicApiAnalyzers", "Microsoft.CodeAnalysis.PublicApiAnalyzers", "{8E48BD4D-5178-47E1-A850-76B5DA2EB9D0}"
EndProject
Project("{9A19103F-16F7-4668-BE54-9A1E7A4F7556}") = "Microsoft.CodeAnalysis.BannedApiAnalyzers.Package", "nuget\Microsoft.CodeAnalysis.BannedApiAnalyzers\Microsoft.CodeAnalysis.BannedApiAnalyzers.Package.csproj", "{B88CCE32-B1EA-45A5-AE4C-AE92B7CFD691}"
EndProject
Project("{9A19103F-16F7-4668-BE54-9A1E7A4F7556}") = "Microsoft.CodeAnalysis.PublicApiAnalyzers.Package", "nuget\PublicApiAnalyzers\Microsoft.CodeAnalysis.PublicApiAnalyzers.Package.csproj", "{18CE822A-A46D-494B-BBFC-C52EF1D048BE}"
EndProject
Project("{9A19103F-16F7-4668-BE54-9A1E7A4F7556}") = "Microsoft.CodeAnalysis.PerformanceSensitiveAnalyzers.Package", "nuget\PerformanceSensitiveAnalyzers\Microsoft.CodeAnalysis.PerformanceSensitiveAnalyzers.Package.csproj", "{04CDAFD7-7EC6-43A0-AC42-84FFD56E78B6}"
EndProject
Project("{9A19103F-16F7-4668-BE54-9A1E7A4F7556}") = "Microsoft.CodeAnalysis.PerformanceSensitiveAnalyzers", "src\PerformanceSensitiveAnalyzers\Core\Microsoft.CodeAnalysis.PerformanceSensitiveAnalyzers.csproj", "{F2985136-DCB2-492F-A66D-32968A0266F1}"
EndProject
Project("{9A19103F-16F7-4668-BE54-9A1E7A4F7556}") = "Microsoft.CodeAnalysis.CSharp.PerformanceSensitiveAnalyzers", "src\PerformanceSensitiveAnalyzers\CSharp\Microsoft.CodeAnalysis.CSharp.PerformanceSensitiveAnalyzers.csproj", "{37F2A7AD-FABE-4AEA-AB3D-CE8543D8134E}"
EndProject
Project("{9A19103F-16F7-4668-BE54-9A1E7A4F7556}") = "Microsoft.CodeAnalysis.PerformanceSensitiveAnalyzers.Setup", "src\PerformanceSensitiveAnalyzers\Setup\Microsoft.CodeAnalysis.PerformanceSensitiveAnalyzers.Setup.csproj", "{5C9B8805-6489-41C5-8FE6-195599C6497F}"
EndProject
Project("{9A19103F-16F7-4668-BE54-9A1E7A4F7556}") = "Microsoft.CodeAnalysis.PerformanceSensitiveAnalyzers.UnitTests", "src\PerformanceSensitiveAnalyzers\UnitTests\Microsoft.CodeAnalysis.PerformanceSensitiveAnalyzers.UnitTests.csproj", "{F86DCF03-7C4D-40FE-91D2-6206D532DEFD}"
EndProject
Project("{9A19103F-16F7-4668-BE54-9A1E7A4F7556}") = "Microsoft.CodeAnalysis.PublicApiAnalyzers", "src\PublicApiAnalyzers\Core\Analyzers\Microsoft.CodeAnalysis.PublicApiAnalyzers.csproj", "{9A3072A5-FC2D-4183-9420-DE5DE323441E}"
EndProject
Project("{9A19103F-16F7-4668-BE54-9A1E7A4F7556}") = "Microsoft.CodeAnalysis.PublicApiAnalyzers.CodeFixes", "src\PublicApiAnalyzers\Core\CodeFixes\Microsoft.CodeAnalysis.PublicApiAnalyzers.CodeFixes.csproj", "{0DC347C1-660D-45D8-BDC8-DC439C2E4A67}"
EndProject
Project("{9A19103F-16F7-4668-BE54-9A1E7A4F7556}") = "Microsoft.CodeAnalysis.PublicApiAnalyzers.Setup", "src\PublicApiAnalyzers\Setup\Microsoft.CodeAnalysis.PublicApiAnalyzers.Setup.csproj", "{720DF809-C0D0-440A-B4B8-BFD41358CDA2}"
EndProject
Project("{9A19103F-16F7-4668-BE54-9A1E7A4F7556}") = "Microsoft.CodeAnalysis.PublicApiAnalyzers.UnitTests", "src\PublicApiAnalyzers\UnitTests\Microsoft.CodeAnalysis.PublicApiAnalyzers.UnitTests.csproj", "{0F68246D-5645-486C-9CED-A8C8A97996DE}"
EndProject
Project("{9A19103F-16F7-4668-BE54-9A1E7A4F7556}") = "Microsoft.CodeAnalysis.BannedApiAnalyzers", "src\Microsoft.CodeAnalysis.BannedApiAnalyzers\Core\Microsoft.CodeAnalysis.BannedApiAnalyzers.csproj", "{A94F29CC-56BF-4CF6-93B1-3BB13725B776}"
EndProject
Project("{9A19103F-16F7-4668-BE54-9A1E7A4F7556}") = "Microsoft.CodeAnalysis.CSharp.BannedApiAnalyzers", "src\Microsoft.CodeAnalysis.BannedApiAnalyzers\CSharp\Microsoft.CodeAnalysis.CSharp.BannedApiAnalyzers.csproj", "{FF1C6979-CD73-46DC-94BF-A6D59A252B66}"
EndProject
Project("{9A19103F-16F7-4668-BE54-9A1E7A4F7556}") = "Microsoft.CodeAnalysis.BannedApiAnalyzers.Setup", "src\Microsoft.CodeAnalysis.BannedApiAnalyzers\Setup\Microsoft.CodeAnalysis.BannedApiAnalyzers.Setup.csproj", "{FCA9533D-04BB-4654-94A7-B9B2065CE0EF}"
EndProject
Project("{9A19103F-16F7-4668-BE54-9A1E7A4F7556}") = "Microsoft.CodeAnalysis.BannedApiAnalyzers.UnitTests", "src\Microsoft.CodeAnalysis.BannedApiAnalyzers\UnitTests\Microsoft.CodeAnalysis.BannedApiAnalyzers.UnitTests.csproj", "{697FE592-9EB8-493C-87DA-6C218A3B113D}"
EndProject
Project("{778DAE3C-4631-46EA-AA77-85C1314464D9}") = "Microsoft.CodeAnalysis.VisualBasic.BannedApiAnalyzers", "src\Microsoft.CodeAnalysis.BannedApiAnalyzers\VisualBasic\Microsoft.CodeAnalysis.VisualBasic.BannedApiAnalyzers.vbproj", "{5AFCA3A1-C780-4E44-BFFA-D9224685FCE1}"
EndProject
Project("{2150E333-8FDC-42A3-9474-1A3956D46DE8}") = "Metrics", "Metrics", "{50FB229D-38DB-4A34-8588-D33671AB68DE}"
EndProject
Project("{9A19103F-16F7-4668-BE54-9A1E7A4F7556}") = "Metrics", "src\Tools\Metrics\Metrics.csproj", "{CADE5623-CC57-43A2-9D2A-B7AB29225406}"
EndProject
Project("{9A19103F-16F7-4668-BE54-9A1E7A4F7556}") = "Metrics.Legacy", "src\Tools\Metrics\Metrics.Legacy.csproj", "{2A4AF3A4-307B-4252-888E-E6546244585A}"
EndProject
Project("{9A19103F-16F7-4668-BE54-9A1E7A4F7556}") = "Microsoft.CodeAnalysis.Metrics.Package", "nuget\Microsoft.CodeAnalysis.Metrics\Microsoft.CodeAnalysis.Metrics.Package.csproj", "{C96D2F95-3090-4376-942C-2C934C55283B}"
EndProject
Project("{2150E333-8FDC-42A3-9474-1A3956D46DE8}") = "GenerateAnalyzerRulesets", "GenerateAnalyzerRulesets", "{1B75E62D-E35D-4FF0-B5A4-78D60D3A3388}"
EndProject
Project("{9A19103F-16F7-4668-BE54-9A1E7A4F7556}") = "GenerateAnalyzerRulesets", "src\Tools\GenerateAnalyzerRulesets\GenerateAnalyzerRulesets.csproj", "{3727E79D-8250-492E-8082-9A5D0C0AD0D9}"
EndProject
Project("{2150E333-8FDC-42A3-9474-1A3956D46DE8}") = "ReleaseNotesUtil", "ReleaseNotesUtil", "{6AAE1FC7-D96E-40CB-8B52-EA87EF9BF00A}"
EndProject
Project("{9A19103F-16F7-4668-BE54-9A1E7A4F7556}") = "ReleaseNotesUtil", "src\Tools\ReleaseNotesUtil\ReleaseNotesUtil.csproj", "{01518AF6-AE8F-4ADA-ABE4-C78F8234899F}"
EndProject
Project("{2150E333-8FDC-42A3-9474-1A3956D46DE8}") = "Microsoft.CodeAnalysis.NetAnalyzers", "Microsoft.CodeAnalysis.NetAnalyzers", "{31F86414-C34B-462A-AFB5-BDA7724904F3}"
EndProject
Project("{9A19103F-16F7-4668-BE54-9A1E7A4F7556}") = "Microsoft.CodeAnalysis.NetAnalyzers", "src\NetAnalyzers\Core\Microsoft.CodeAnalysis.NetAnalyzers.csproj", "{1C62A2F6-7A44-4030-9D1A-7E7A966736E5}"
EndProject
Project("{9A19103F-16F7-4668-BE54-9A1E7A4F7556}") = "Microsoft.CodeAnalysis.CSharp.NetAnalyzers", "src\NetAnalyzers\CSharp\Microsoft.CodeAnalysis.CSharp.NetAnalyzers.csproj", "{DC277D4D-9479-4B55-95BB-9FDB8A682DE1}"
EndProject
Project("{9A19103F-16F7-4668-BE54-9A1E7A4F7556}") = "Microsoft.CodeAnalysis.NetAnalyzers.Setup", "src\NetAnalyzers\Setup\Microsoft.CodeAnalysis.NetAnalyzers.Setup.csproj", "{9F4C5E8F-10EE-4193-BB36-A2FDE07B5557}"
EndProject
Project("{9A19103F-16F7-4668-BE54-9A1E7A4F7556}") = "Microsoft.CodeAnalysis.NetAnalyzers.UnitTests", "src\NetAnalyzers\UnitTests\Microsoft.CodeAnalysis.NetAnalyzers.UnitTests.csproj", "{F4F111E0-7108-47A7-97A1-A5B10207C0D8}"
EndProject
Project("{778DAE3C-4631-46EA-AA77-85C1314464D9}") = "Microsoft.CodeAnalysis.VisualBasic.NetAnalyzers", "src\NetAnalyzers\VisualBasic\Microsoft.CodeAnalysis.VisualBasic.NetAnalyzers.vbproj", "{C75555DC-D059-4665-A421-4EF5F30BD9B6}"
EndProject
Project("{9A19103F-16F7-4668-BE54-9A1E7A4F7556}") = "Microsoft.CodeAnalysis.NetAnalyzers.Package", "nuget\NetAnalyzers\Microsoft.CodeAnalysis.NetAnalyzers.Package.csproj", "{8AC54A99-5655-435B-8417-BF2F995BE66A}"
EndProject
Project("{2150E333-8FDC-42A3-9474-1A3956D46DE8}") = "RulesetToEditorconfigConverter", "RulesetToEditorconfigConverter", "{02F88961-A08F-451A-93AB-328792A32EBC}"
EndProject
Project("{9A19103F-16F7-4668-BE54-9A1E7A4F7556}") = "RulesetToEditorconfigConverter", "src\Tools\RulesetToEditorconfigConverter\Source\RulesetToEditorconfigConverter.csproj", "{C3A4699A-4701-4EC9-9EE9-4CAB4C9B1A4E}"
EndProject
Project("{9A19103F-16F7-4668-BE54-9A1E7A4F7556}") = "RulesetToEditorconfigConverter.UnitTests", "src\Tools\RulesetToEditorconfigConverter\Tests\RulesetToEditorconfigConverter.UnitTests.csproj", "{813C80EB-D614-4258-BD07-42660BEB738A}"
EndProject
Project("{9A19103F-16F7-4668-BE54-9A1E7A4F7556}") = "Microsoft.CodeAnalysis.AnalyzerUtilities", "src\Microsoft.CodeAnalysis.AnalyzerUtilities\Microsoft.CodeAnalysis.AnalyzerUtilities.csproj", "{B969F316-815C-47B9-82B3-67FDD9ED694F}"
EndProject
Project("{9A19103F-16F7-4668-BE54-9A1E7A4F7556}") = "Microsoft.CodeAnalysis.AnalyzerUtilities.Package", "nuget\Microsoft.CodeAnalysis.AnalyzerUtilities\Microsoft.CodeAnalysis.AnalyzerUtilities.Package.csproj", "{3F998217-4174-4AD0-A015-A9BFFADB075F}"
EndProject
Project("{9A19103F-16F7-4668-BE54-9A1E7A4F7556}") = "Microsoft.CodeAnalysis.RulesetToEditorconfigConverter.Package", "nuget\Microsoft.CodeAnalysis.RulesetToEditorconfigConverter\Microsoft.CodeAnalysis.RulesetToEditorconfigConverter.Package.csproj", "{64D70469-18B0-446C-80E9-A7C45A747B3E}"
EndProject
Project("{9A19103F-16F7-4668-BE54-9A1E7A4F7556}") = "Microsoft.CodeAnalysis.PerformanceSensitiveAnalyzers.Annotations", "src\PerformanceSensitiveAnalyzers\Annotations\Microsoft.CodeAnalysis.PerformanceSensitiveAnalyzers.Annotations.csproj", "{E4E89BC4-ABD7-427C-B331-CA235BE33426}"
EndProject
Project("{9A19103F-16F7-4668-BE54-9A1E7A4F7556}") = "Microsoft.CodeAnalysis.PerformanceSensitiveAnalyzers.Annotations.Package", "nuget\PerformanceSensitiveAnalyzers.Annotations\Microsoft.CodeAnalysis.PerformanceSensitiveAnalyzers.Annotations.Package.csproj", "{B2D8301E-E0D1-4A46-9ECD-671A8DFDB556}"
EndProject
Global
	GlobalSection(SharedMSBuildProjectFiles) = preSolution
		src\Utilities\Compiler\Analyzer.Utilities.projitems*{0a0621f2-d1dc-47ff-b643-c6646557505e}*SharedItemsImports = 5
		src\Utilities\Workspaces\Workspaces.Utilities.projitems*{0a0621f2-d1dc-47ff-b643-c6646557505e}*SharedItemsImports = 5
		src\Utilities\Workspaces\Workspaces.Utilities.projitems*{0dc347c1-660d-45d8-bdc8-dc439c2e4a67}*SharedItemsImports = 5
		src\Utilities\Compiler\Analyzer.Utilities.projitems*{1c62a2f6-7a44-4030-9d1a-7e7a966736e5}*SharedItemsImports = 5
		src\Utilities\FlowAnalysis\FlowAnalysis.Utilities.projitems*{1c62a2f6-7a44-4030-9d1a-7e7a966736e5}*SharedItemsImports = 5
		src\Utilities\Workspaces\Workspaces.Utilities.projitems*{1c62a2f6-7a44-4030-9d1a-7e7a966736e5}*SharedItemsImports = 5
		src\Utilities\Compiler\Analyzer.Utilities.projitems*{2a4af3a4-307b-4252-888e-e6546244585a}*SharedItemsImports = 5
		src\Utilities\Workspaces\Workspaces.Utilities.projitems*{2a4af3a4-307b-4252-888e-e6546244585a}*SharedItemsImports = 5
		src\Utilities\Compiler\Analyzer.Utilities.projitems*{2a520f3e-8c5d-43fe-aa03-fe5e3c5f23d1}*SharedItemsImports = 5
		src\Utilities\Compiler\Analyzer.Utilities.projitems*{3727e79d-8250-492e-8082-9a5d0c0ad0d9}*SharedItemsImports = 5
		src\Utilities\Compiler\Analyzer.Utilities.projitems*{730c2d1c-0276-4132-85ea-675ce60068bb}*SharedItemsImports = 5
		src\Utilities\Workspaces\Workspaces.Utilities.projitems*{730c2d1c-0276-4132-85ea-675ce60068bb}*SharedItemsImports = 5
		src\Utilities\Workspaces\Workspaces.Utilities.projitems*{99f594b1-3916-471d-a761-a6731fc50e9a}*SharedItemsImports = 13
		src\Utilities\Compiler\Analyzer.Utilities.projitems*{9a3072a5-fc2d-4183-9420-de5de323441e}*SharedItemsImports = 5
		src\Utilities\Compiler\Analyzer.Utilities.projitems*{a94f29cc-56bf-4cf6-93b1-3bb13725b776}*SharedItemsImports = 5
		src\Utilities\Compiler\Analyzer.Utilities.projitems*{b475c173-a39d-4a75-93ff-69c3d2742cad}*SharedItemsImports = 5
		src\Utilities\Workspaces\Workspaces.Utilities.projitems*{b475c173-a39d-4a75-93ff-69c3d2742cad}*SharedItemsImports = 5
		src\Utilities\Compiler\Analyzer.Utilities.projitems*{b969f316-815c-47b9-82b3-67fdd9ed694f}*SharedItemsImports = 5
		src\Utilities\FlowAnalysis\FlowAnalysis.Utilities.projitems*{b969f316-815c-47b9-82b3-67fdd9ed694f}*SharedItemsImports = 5
		src\Utilities\Compiler\Analyzer.Utilities.projitems*{cade5623-cc57-43a2-9d2a-b7ab29225406}*SharedItemsImports = 5
		src\Utilities\Workspaces\Workspaces.Utilities.projitems*{cade5623-cc57-43a2-9d2a-b7ab29225406}*SharedItemsImports = 5
		src\Utilities\Compiler\Analyzer.Utilities.projitems*{d8762a0a-3832-47be-bcf6-8b1060be6b28}*SharedItemsImports = 5
		src\Utilities\Workspaces\Workspaces.Utilities.projitems*{d8762a0a-3832-47be-bcf6-8b1060be6b28}*SharedItemsImports = 5
		src\Utilities\Compiler\Analyzer.Utilities.projitems*{ec946164-1e17-410b-b7d9-7de7e6268d63}*SharedItemsImports = 13
		src\Utilities\Compiler\Analyzer.Utilities.projitems*{f2985136-dcb2-492f-a66d-32968a0266f1}*SharedItemsImports = 5
		src\Utilities\FlowAnalysis\FlowAnalysis.Utilities.projitems*{fcb56cba-fa35-46a8-86b7-bae5433197d9}*SharedItemsImports = 13
	EndGlobalSection
	GlobalSection(SolutionConfigurationPlatforms) = preSolution
		Debug|Any CPU = Debug|Any CPU
		Release|Any CPU = Release|Any CPU
	EndGlobalSection
	GlobalSection(ProjectConfigurationPlatforms) = postSolution
		{B475C173-A39D-4A75-93FF-69C3D2742CAD}.Debug|Any CPU.ActiveCfg = Debug|Any CPU
		{B475C173-A39D-4A75-93FF-69C3D2742CAD}.Debug|Any CPU.Build.0 = Debug|Any CPU
		{B475C173-A39D-4A75-93FF-69C3D2742CAD}.Release|Any CPU.ActiveCfg = Release|Any CPU
		{B475C173-A39D-4A75-93FF-69C3D2742CAD}.Release|Any CPU.Build.0 = Release|Any CPU
		{697E2991-39A8-46C2-AA9C-FE576FBBCD90}.Debug|Any CPU.ActiveCfg = Debug|Any CPU
		{697E2991-39A8-46C2-AA9C-FE576FBBCD90}.Debug|Any CPU.Build.0 = Debug|Any CPU
		{697E2991-39A8-46C2-AA9C-FE576FBBCD90}.Release|Any CPU.ActiveCfg = Release|Any CPU
		{697E2991-39A8-46C2-AA9C-FE576FBBCD90}.Release|Any CPU.Build.0 = Release|Any CPU
		{70BBA457-2CC1-4929-8FEE-359EBB7C398A}.Debug|Any CPU.ActiveCfg = Debug|Any CPU
		{70BBA457-2CC1-4929-8FEE-359EBB7C398A}.Debug|Any CPU.Build.0 = Debug|Any CPU
		{70BBA457-2CC1-4929-8FEE-359EBB7C398A}.Release|Any CPU.ActiveCfg = Release|Any CPU
		{70BBA457-2CC1-4929-8FEE-359EBB7C398A}.Release|Any CPU.Build.0 = Release|Any CPU
		{D90E7402-70E7-4A95-A292-47EA163D6309}.Debug|Any CPU.ActiveCfg = Debug|Any CPU
		{D90E7402-70E7-4A95-A292-47EA163D6309}.Debug|Any CPU.Build.0 = Debug|Any CPU
		{D90E7402-70E7-4A95-A292-47EA163D6309}.Release|Any CPU.ActiveCfg = Release|Any CPU
		{D90E7402-70E7-4A95-A292-47EA163D6309}.Release|Any CPU.Build.0 = Release|Any CPU
		{BD80CDC4-25FF-4268-8131-F7A43260122B}.Debug|Any CPU.ActiveCfg = Debug|Any CPU
		{BD80CDC4-25FF-4268-8131-F7A43260122B}.Debug|Any CPU.Build.0 = Debug|Any CPU
		{BD80CDC4-25FF-4268-8131-F7A43260122B}.Release|Any CPU.ActiveCfg = Release|Any CPU
		{BD80CDC4-25FF-4268-8131-F7A43260122B}.Release|Any CPU.Build.0 = Release|Any CPU
		{0A0621F2-D1DC-47FF-B643-C6646557505E}.Debug|Any CPU.ActiveCfg = Debug|Any CPU
		{0A0621F2-D1DC-47FF-B643-C6646557505E}.Debug|Any CPU.Build.0 = Debug|Any CPU
		{0A0621F2-D1DC-47FF-B643-C6646557505E}.Release|Any CPU.ActiveCfg = Release|Any CPU
		{0A0621F2-D1DC-47FF-B643-C6646557505E}.Release|Any CPU.Build.0 = Release|Any CPU
		{D8762A0A-3832-47BE-BCF6-8B1060BE6B28}.Debug|Any CPU.ActiveCfg = Debug|Any CPU
		{D8762A0A-3832-47BE-BCF6-8B1060BE6B28}.Debug|Any CPU.Build.0 = Debug|Any CPU
		{D8762A0A-3832-47BE-BCF6-8B1060BE6B28}.Release|Any CPU.ActiveCfg = Release|Any CPU
		{D8762A0A-3832-47BE-BCF6-8B1060BE6B28}.Release|Any CPU.Build.0 = Release|Any CPU
		{921B412A-5551-4853-82B4-46AD5A05A03E}.Debug|Any CPU.ActiveCfg = Debug|Any CPU
		{921B412A-5551-4853-82B4-46AD5A05A03E}.Debug|Any CPU.Build.0 = Debug|Any CPU
		{921B412A-5551-4853-82B4-46AD5A05A03E}.Release|Any CPU.ActiveCfg = Release|Any CPU
		{921B412A-5551-4853-82B4-46AD5A05A03E}.Release|Any CPU.Build.0 = Release|Any CPU
		{B1A6A74B-E484-48FB-8745-7A30A06DB631}.Debug|Any CPU.ActiveCfg = Debug|Any CPU
		{B1A6A74B-E484-48FB-8745-7A30A06DB631}.Debug|Any CPU.Build.0 = Debug|Any CPU
		{B1A6A74B-E484-48FB-8745-7A30A06DB631}.Release|Any CPU.ActiveCfg = Release|Any CPU
		{B1A6A74B-E484-48FB-8745-7A30A06DB631}.Release|Any CPU.Build.0 = Release|Any CPU
		{0C2925AD-CD97-46FA-A686-E2C1AD19DAD8}.Debug|Any CPU.ActiveCfg = Debug|Any CPU
		{0C2925AD-CD97-46FA-A686-E2C1AD19DAD8}.Debug|Any CPU.Build.0 = Debug|Any CPU
		{0C2925AD-CD97-46FA-A686-E2C1AD19DAD8}.Release|Any CPU.ActiveCfg = Release|Any CPU
		{0C2925AD-CD97-46FA-A686-E2C1AD19DAD8}.Release|Any CPU.Build.0 = Release|Any CPU
		{54F6AE18-B0CD-4799-9DF0-9B1AAD6A78AF}.Debug|Any CPU.ActiveCfg = Debug|Any CPU
		{54F6AE18-B0CD-4799-9DF0-9B1AAD6A78AF}.Debug|Any CPU.Build.0 = Debug|Any CPU
		{54F6AE18-B0CD-4799-9DF0-9B1AAD6A78AF}.Release|Any CPU.ActiveCfg = Release|Any CPU
		{54F6AE18-B0CD-4799-9DF0-9B1AAD6A78AF}.Release|Any CPU.Build.0 = Release|Any CPU
		{730C2D1C-0276-4132-85EA-675CE60068BB}.Debug|Any CPU.ActiveCfg = Debug|Any CPU
		{730C2D1C-0276-4132-85EA-675CE60068BB}.Debug|Any CPU.Build.0 = Debug|Any CPU
		{730C2D1C-0276-4132-85EA-675CE60068BB}.Release|Any CPU.ActiveCfg = Release|Any CPU
		{730C2D1C-0276-4132-85EA-675CE60068BB}.Release|Any CPU.Build.0 = Release|Any CPU
		{0EA928BE-51C1-4087-B48A-ECE9C5E0C5B0}.Debug|Any CPU.ActiveCfg = Debug|Any CPU
		{0EA928BE-51C1-4087-B48A-ECE9C5E0C5B0}.Debug|Any CPU.Build.0 = Debug|Any CPU
		{0EA928BE-51C1-4087-B48A-ECE9C5E0C5B0}.Release|Any CPU.ActiveCfg = Release|Any CPU
		{0EA928BE-51C1-4087-B48A-ECE9C5E0C5B0}.Release|Any CPU.Build.0 = Release|Any CPU
		{EA61DA2E-D175-4430-A56B-17BAC4B227A9}.Debug|Any CPU.ActiveCfg = Debug|Any CPU
		{EA61DA2E-D175-4430-A56B-17BAC4B227A9}.Debug|Any CPU.Build.0 = Debug|Any CPU
		{EA61DA2E-D175-4430-A56B-17BAC4B227A9}.Release|Any CPU.ActiveCfg = Release|Any CPU
		{EA61DA2E-D175-4430-A56B-17BAC4B227A9}.Release|Any CPU.Build.0 = Release|Any CPU
		{6762EB1D-517C-4746-80EB-D11717ACD469}.Debug|Any CPU.ActiveCfg = Debug|Any CPU
		{6762EB1D-517C-4746-80EB-D11717ACD469}.Debug|Any CPU.Build.0 = Debug|Any CPU
		{6762EB1D-517C-4746-80EB-D11717ACD469}.Release|Any CPU.ActiveCfg = Release|Any CPU
		{6762EB1D-517C-4746-80EB-D11717ACD469}.Release|Any CPU.Build.0 = Release|Any CPU
		{938F2420-14B8-4C7C-93BE-C9E89E08E823}.Debug|Any CPU.ActiveCfg = Debug|Any CPU
		{938F2420-14B8-4C7C-93BE-C9E89E08E823}.Debug|Any CPU.Build.0 = Debug|Any CPU
		{938F2420-14B8-4C7C-93BE-C9E89E08E823}.Release|Any CPU.ActiveCfg = Release|Any CPU
		{938F2420-14B8-4C7C-93BE-C9E89E08E823}.Release|Any CPU.Build.0 = Release|Any CPU
		{9E184844-18B8-446E-8EFB-25FFF76EE347}.Debug|Any CPU.ActiveCfg = Debug|Any CPU
		{9E184844-18B8-446E-8EFB-25FFF76EE347}.Debug|Any CPU.Build.0 = Debug|Any CPU
		{9E184844-18B8-446E-8EFB-25FFF76EE347}.Release|Any CPU.ActiveCfg = Release|Any CPU
		{9E184844-18B8-446E-8EFB-25FFF76EE347}.Release|Any CPU.Build.0 = Release|Any CPU
		{2569B087-6465-425E-986D-BD0D32FC8AA5}.Debug|Any CPU.ActiveCfg = Debug|Any CPU
		{2569B087-6465-425E-986D-BD0D32FC8AA5}.Debug|Any CPU.Build.0 = Debug|Any CPU
		{2569B087-6465-425E-986D-BD0D32FC8AA5}.Release|Any CPU.ActiveCfg = Release|Any CPU
		{2569B087-6465-425E-986D-BD0D32FC8AA5}.Release|Any CPU.Build.0 = Release|Any CPU
		{0A7C9A18-888A-4028-B88F-989DA6A0140B}.Debug|Any CPU.ActiveCfg = Debug|Any CPU
		{0A7C9A18-888A-4028-B88F-989DA6A0140B}.Debug|Any CPU.Build.0 = Debug|Any CPU
		{0A7C9A18-888A-4028-B88F-989DA6A0140B}.Release|Any CPU.ActiveCfg = Release|Any CPU
		{0A7C9A18-888A-4028-B88F-989DA6A0140B}.Release|Any CPU.Build.0 = Release|Any CPU
		{2A520F3E-8C5D-43FE-AA03-FE5E3C5F23D1}.Debug|Any CPU.ActiveCfg = Debug|Any CPU
		{2A520F3E-8C5D-43FE-AA03-FE5E3C5F23D1}.Debug|Any CPU.Build.0 = Debug|Any CPU
		{2A520F3E-8C5D-43FE-AA03-FE5E3C5F23D1}.Release|Any CPU.ActiveCfg = Release|Any CPU
		{2A520F3E-8C5D-43FE-AA03-FE5E3C5F23D1}.Release|Any CPU.Build.0 = Release|Any CPU
		{D70D8CBB-1AD0-49DE-83A8-07990915A843}.Debug|Any CPU.ActiveCfg = Debug|Any CPU
		{D70D8CBB-1AD0-49DE-83A8-07990915A843}.Debug|Any CPU.Build.0 = Debug|Any CPU
		{D70D8CBB-1AD0-49DE-83A8-07990915A843}.Release|Any CPU.ActiveCfg = Release|Any CPU
		{D70D8CBB-1AD0-49DE-83A8-07990915A843}.Release|Any CPU.Build.0 = Release|Any CPU
		{390DBE36-C8AF-4882-BB5D-87EFBF06B8A8}.Debug|Any CPU.ActiveCfg = Debug|Any CPU
		{390DBE36-C8AF-4882-BB5D-87EFBF06B8A8}.Debug|Any CPU.Build.0 = Debug|Any CPU
		{390DBE36-C8AF-4882-BB5D-87EFBF06B8A8}.Release|Any CPU.ActiveCfg = Release|Any CPU
		{390DBE36-C8AF-4882-BB5D-87EFBF06B8A8}.Release|Any CPU.Build.0 = Release|Any CPU
		{722141A2-91FE-411A-A64F-A2A2A7150122}.Debug|Any CPU.ActiveCfg = Debug|Any CPU
		{722141A2-91FE-411A-A64F-A2A2A7150122}.Debug|Any CPU.Build.0 = Debug|Any CPU
		{722141A2-91FE-411A-A64F-A2A2A7150122}.Release|Any CPU.ActiveCfg = Release|Any CPU
		{722141A2-91FE-411A-A64F-A2A2A7150122}.Release|Any CPU.Build.0 = Release|Any CPU
		{774B5DF6-D14F-4839-95F3-D3632B754765}.Debug|Any CPU.ActiveCfg = Debug|Any CPU
		{774B5DF6-D14F-4839-95F3-D3632B754765}.Debug|Any CPU.Build.0 = Debug|Any CPU
		{774B5DF6-D14F-4839-95F3-D3632B754765}.Release|Any CPU.ActiveCfg = Release|Any CPU
		{774B5DF6-D14F-4839-95F3-D3632B754765}.Release|Any CPU.Build.0 = Release|Any CPU
		{AFCB0C5B-E3C6-45AF-940B-AA38C7EC94EA}.Debug|Any CPU.ActiveCfg = Debug|Any CPU
		{AFCB0C5B-E3C6-45AF-940B-AA38C7EC94EA}.Debug|Any CPU.Build.0 = Debug|Any CPU
		{AFCB0C5B-E3C6-45AF-940B-AA38C7EC94EA}.Release|Any CPU.ActiveCfg = Release|Any CPU
		{AFCB0C5B-E3C6-45AF-940B-AA38C7EC94EA}.Release|Any CPU.Build.0 = Release|Any CPU
		{B88CCE32-B1EA-45A5-AE4C-AE92B7CFD691}.Debug|Any CPU.ActiveCfg = Debug|Any CPU
		{B88CCE32-B1EA-45A5-AE4C-AE92B7CFD691}.Debug|Any CPU.Build.0 = Debug|Any CPU
		{B88CCE32-B1EA-45A5-AE4C-AE92B7CFD691}.Release|Any CPU.ActiveCfg = Release|Any CPU
		{B88CCE32-B1EA-45A5-AE4C-AE92B7CFD691}.Release|Any CPU.Build.0 = Release|Any CPU
		{18CE822A-A46D-494B-BBFC-C52EF1D048BE}.Debug|Any CPU.ActiveCfg = Debug|Any CPU
		{18CE822A-A46D-494B-BBFC-C52EF1D048BE}.Debug|Any CPU.Build.0 = Debug|Any CPU
		{18CE822A-A46D-494B-BBFC-C52EF1D048BE}.Release|Any CPU.ActiveCfg = Release|Any CPU
		{18CE822A-A46D-494B-BBFC-C52EF1D048BE}.Release|Any CPU.Build.0 = Release|Any CPU
		{04CDAFD7-7EC6-43A0-AC42-84FFD56E78B6}.Debug|Any CPU.ActiveCfg = Debug|Any CPU
		{04CDAFD7-7EC6-43A0-AC42-84FFD56E78B6}.Debug|Any CPU.Build.0 = Debug|Any CPU
		{04CDAFD7-7EC6-43A0-AC42-84FFD56E78B6}.Release|Any CPU.ActiveCfg = Release|Any CPU
		{04CDAFD7-7EC6-43A0-AC42-84FFD56E78B6}.Release|Any CPU.Build.0 = Release|Any CPU
		{F2985136-DCB2-492F-A66D-32968A0266F1}.Debug|Any CPU.ActiveCfg = Debug|Any CPU
		{F2985136-DCB2-492F-A66D-32968A0266F1}.Debug|Any CPU.Build.0 = Debug|Any CPU
		{F2985136-DCB2-492F-A66D-32968A0266F1}.Release|Any CPU.ActiveCfg = Release|Any CPU
		{F2985136-DCB2-492F-A66D-32968A0266F1}.Release|Any CPU.Build.0 = Release|Any CPU
		{37F2A7AD-FABE-4AEA-AB3D-CE8543D8134E}.Debug|Any CPU.ActiveCfg = Debug|Any CPU
		{37F2A7AD-FABE-4AEA-AB3D-CE8543D8134E}.Debug|Any CPU.Build.0 = Debug|Any CPU
		{37F2A7AD-FABE-4AEA-AB3D-CE8543D8134E}.Release|Any CPU.ActiveCfg = Release|Any CPU
		{37F2A7AD-FABE-4AEA-AB3D-CE8543D8134E}.Release|Any CPU.Build.0 = Release|Any CPU
		{5C9B8805-6489-41C5-8FE6-195599C6497F}.Debug|Any CPU.ActiveCfg = Debug|Any CPU
		{5C9B8805-6489-41C5-8FE6-195599C6497F}.Debug|Any CPU.Build.0 = Debug|Any CPU
		{5C9B8805-6489-41C5-8FE6-195599C6497F}.Release|Any CPU.ActiveCfg = Release|Any CPU
		{5C9B8805-6489-41C5-8FE6-195599C6497F}.Release|Any CPU.Build.0 = Release|Any CPU
		{F86DCF03-7C4D-40FE-91D2-6206D532DEFD}.Debug|Any CPU.ActiveCfg = Debug|Any CPU
		{F86DCF03-7C4D-40FE-91D2-6206D532DEFD}.Debug|Any CPU.Build.0 = Debug|Any CPU
		{F86DCF03-7C4D-40FE-91D2-6206D532DEFD}.Release|Any CPU.ActiveCfg = Release|Any CPU
		{F86DCF03-7C4D-40FE-91D2-6206D532DEFD}.Release|Any CPU.Build.0 = Release|Any CPU
		{9A3072A5-FC2D-4183-9420-DE5DE323441E}.Debug|Any CPU.ActiveCfg = Debug|Any CPU
		{9A3072A5-FC2D-4183-9420-DE5DE323441E}.Debug|Any CPU.Build.0 = Debug|Any CPU
		{9A3072A5-FC2D-4183-9420-DE5DE323441E}.Release|Any CPU.ActiveCfg = Release|Any CPU
		{9A3072A5-FC2D-4183-9420-DE5DE323441E}.Release|Any CPU.Build.0 = Release|Any CPU
		{0DC347C1-660D-45D8-BDC8-DC439C2E4A67}.Debug|Any CPU.ActiveCfg = Debug|Any CPU
		{0DC347C1-660D-45D8-BDC8-DC439C2E4A67}.Debug|Any CPU.Build.0 = Debug|Any CPU
		{0DC347C1-660D-45D8-BDC8-DC439C2E4A67}.Release|Any CPU.ActiveCfg = Release|Any CPU
		{0DC347C1-660D-45D8-BDC8-DC439C2E4A67}.Release|Any CPU.Build.0 = Release|Any CPU
		{720DF809-C0D0-440A-B4B8-BFD41358CDA2}.Debug|Any CPU.ActiveCfg = Debug|Any CPU
		{720DF809-C0D0-440A-B4B8-BFD41358CDA2}.Debug|Any CPU.Build.0 = Debug|Any CPU
		{720DF809-C0D0-440A-B4B8-BFD41358CDA2}.Release|Any CPU.ActiveCfg = Release|Any CPU
		{720DF809-C0D0-440A-B4B8-BFD41358CDA2}.Release|Any CPU.Build.0 = Release|Any CPU
		{0F68246D-5645-486C-9CED-A8C8A97996DE}.Debug|Any CPU.ActiveCfg = Debug|Any CPU
		{0F68246D-5645-486C-9CED-A8C8A97996DE}.Debug|Any CPU.Build.0 = Debug|Any CPU
		{0F68246D-5645-486C-9CED-A8C8A97996DE}.Release|Any CPU.ActiveCfg = Release|Any CPU
		{0F68246D-5645-486C-9CED-A8C8A97996DE}.Release|Any CPU.Build.0 = Release|Any CPU
		{A94F29CC-56BF-4CF6-93B1-3BB13725B776}.Debug|Any CPU.ActiveCfg = Debug|Any CPU
		{A94F29CC-56BF-4CF6-93B1-3BB13725B776}.Debug|Any CPU.Build.0 = Debug|Any CPU
		{A94F29CC-56BF-4CF6-93B1-3BB13725B776}.Release|Any CPU.ActiveCfg = Release|Any CPU
		{A94F29CC-56BF-4CF6-93B1-3BB13725B776}.Release|Any CPU.Build.0 = Release|Any CPU
		{FF1C6979-CD73-46DC-94BF-A6D59A252B66}.Debug|Any CPU.ActiveCfg = Debug|Any CPU
		{FF1C6979-CD73-46DC-94BF-A6D59A252B66}.Debug|Any CPU.Build.0 = Debug|Any CPU
		{FF1C6979-CD73-46DC-94BF-A6D59A252B66}.Release|Any CPU.ActiveCfg = Release|Any CPU
		{FF1C6979-CD73-46DC-94BF-A6D59A252B66}.Release|Any CPU.Build.0 = Release|Any CPU
		{FCA9533D-04BB-4654-94A7-B9B2065CE0EF}.Debug|Any CPU.ActiveCfg = Debug|Any CPU
		{FCA9533D-04BB-4654-94A7-B9B2065CE0EF}.Debug|Any CPU.Build.0 = Debug|Any CPU
		{FCA9533D-04BB-4654-94A7-B9B2065CE0EF}.Release|Any CPU.ActiveCfg = Release|Any CPU
		{FCA9533D-04BB-4654-94A7-B9B2065CE0EF}.Release|Any CPU.Build.0 = Release|Any CPU
		{697FE592-9EB8-493C-87DA-6C218A3B113D}.Debug|Any CPU.ActiveCfg = Debug|Any CPU
		{697FE592-9EB8-493C-87DA-6C218A3B113D}.Debug|Any CPU.Build.0 = Debug|Any CPU
		{697FE592-9EB8-493C-87DA-6C218A3B113D}.Release|Any CPU.ActiveCfg = Release|Any CPU
		{697FE592-9EB8-493C-87DA-6C218A3B113D}.Release|Any CPU.Build.0 = Release|Any CPU
		{5AFCA3A1-C780-4E44-BFFA-D9224685FCE1}.Debug|Any CPU.ActiveCfg = Debug|Any CPU
		{5AFCA3A1-C780-4E44-BFFA-D9224685FCE1}.Debug|Any CPU.Build.0 = Debug|Any CPU
		{5AFCA3A1-C780-4E44-BFFA-D9224685FCE1}.Release|Any CPU.ActiveCfg = Release|Any CPU
		{5AFCA3A1-C780-4E44-BFFA-D9224685FCE1}.Release|Any CPU.Build.0 = Release|Any CPU
		{CADE5623-CC57-43A2-9D2A-B7AB29225406}.Debug|Any CPU.ActiveCfg = Debug|Any CPU
		{CADE5623-CC57-43A2-9D2A-B7AB29225406}.Debug|Any CPU.Build.0 = Debug|Any CPU
		{CADE5623-CC57-43A2-9D2A-B7AB29225406}.Release|Any CPU.ActiveCfg = Release|Any CPU
		{CADE5623-CC57-43A2-9D2A-B7AB29225406}.Release|Any CPU.Build.0 = Release|Any CPU
		{2A4AF3A4-307B-4252-888E-E6546244585A}.Debug|Any CPU.ActiveCfg = Debug|Any CPU
		{2A4AF3A4-307B-4252-888E-E6546244585A}.Debug|Any CPU.Build.0 = Debug|Any CPU
		{2A4AF3A4-307B-4252-888E-E6546244585A}.Release|Any CPU.ActiveCfg = Release|Any CPU
		{2A4AF3A4-307B-4252-888E-E6546244585A}.Release|Any CPU.Build.0 = Release|Any CPU
		{C96D2F95-3090-4376-942C-2C934C55283B}.Debug|Any CPU.ActiveCfg = Debug|Any CPU
		{C96D2F95-3090-4376-942C-2C934C55283B}.Debug|Any CPU.Build.0 = Debug|Any CPU
		{C96D2F95-3090-4376-942C-2C934C55283B}.Release|Any CPU.ActiveCfg = Release|Any CPU
		{C96D2F95-3090-4376-942C-2C934C55283B}.Release|Any CPU.Build.0 = Release|Any CPU
		{3727E79D-8250-492E-8082-9A5D0C0AD0D9}.Debug|Any CPU.ActiveCfg = Debug|Any CPU
		{3727E79D-8250-492E-8082-9A5D0C0AD0D9}.Debug|Any CPU.Build.0 = Debug|Any CPU
		{3727E79D-8250-492E-8082-9A5D0C0AD0D9}.Release|Any CPU.ActiveCfg = Release|Any CPU
		{3727E79D-8250-492E-8082-9A5D0C0AD0D9}.Release|Any CPU.Build.0 = Release|Any CPU
		{01518AF6-AE8F-4ADA-ABE4-C78F8234899F}.Debug|Any CPU.ActiveCfg = Debug|Any CPU
		{01518AF6-AE8F-4ADA-ABE4-C78F8234899F}.Debug|Any CPU.Build.0 = Debug|Any CPU
		{01518AF6-AE8F-4ADA-ABE4-C78F8234899F}.Release|Any CPU.ActiveCfg = Release|Any CPU
		{01518AF6-AE8F-4ADA-ABE4-C78F8234899F}.Release|Any CPU.Build.0 = Release|Any CPU
		{1C62A2F6-7A44-4030-9D1A-7E7A966736E5}.Debug|Any CPU.ActiveCfg = Debug|Any CPU
		{1C62A2F6-7A44-4030-9D1A-7E7A966736E5}.Debug|Any CPU.Build.0 = Debug|Any CPU
		{1C62A2F6-7A44-4030-9D1A-7E7A966736E5}.Release|Any CPU.ActiveCfg = Release|Any CPU
		{1C62A2F6-7A44-4030-9D1A-7E7A966736E5}.Release|Any CPU.Build.0 = Release|Any CPU
		{DC277D4D-9479-4B55-95BB-9FDB8A682DE1}.Debug|Any CPU.ActiveCfg = Debug|Any CPU
		{DC277D4D-9479-4B55-95BB-9FDB8A682DE1}.Debug|Any CPU.Build.0 = Debug|Any CPU
		{DC277D4D-9479-4B55-95BB-9FDB8A682DE1}.Release|Any CPU.ActiveCfg = Release|Any CPU
		{DC277D4D-9479-4B55-95BB-9FDB8A682DE1}.Release|Any CPU.Build.0 = Release|Any CPU
		{9F4C5E8F-10EE-4193-BB36-A2FDE07B5557}.Debug|Any CPU.ActiveCfg = Debug|Any CPU
		{9F4C5E8F-10EE-4193-BB36-A2FDE07B5557}.Debug|Any CPU.Build.0 = Debug|Any CPU
		{9F4C5E8F-10EE-4193-BB36-A2FDE07B5557}.Release|Any CPU.ActiveCfg = Release|Any CPU
		{9F4C5E8F-10EE-4193-BB36-A2FDE07B5557}.Release|Any CPU.Build.0 = Release|Any CPU
		{F4F111E0-7108-47A7-97A1-A5B10207C0D8}.Debug|Any CPU.ActiveCfg = Debug|Any CPU
		{F4F111E0-7108-47A7-97A1-A5B10207C0D8}.Debug|Any CPU.Build.0 = Debug|Any CPU
		{F4F111E0-7108-47A7-97A1-A5B10207C0D8}.Release|Any CPU.ActiveCfg = Release|Any CPU
		{F4F111E0-7108-47A7-97A1-A5B10207C0D8}.Release|Any CPU.Build.0 = Release|Any CPU
		{C75555DC-D059-4665-A421-4EF5F30BD9B6}.Debug|Any CPU.ActiveCfg = Debug|Any CPU
		{C75555DC-D059-4665-A421-4EF5F30BD9B6}.Debug|Any CPU.Build.0 = Debug|Any CPU
		{C75555DC-D059-4665-A421-4EF5F30BD9B6}.Release|Any CPU.ActiveCfg = Release|Any CPU
		{C75555DC-D059-4665-A421-4EF5F30BD9B6}.Release|Any CPU.Build.0 = Release|Any CPU
		{8AC54A99-5655-435B-8417-BF2F995BE66A}.Debug|Any CPU.ActiveCfg = Debug|Any CPU
		{8AC54A99-5655-435B-8417-BF2F995BE66A}.Debug|Any CPU.Build.0 = Debug|Any CPU
		{8AC54A99-5655-435B-8417-BF2F995BE66A}.Release|Any CPU.ActiveCfg = Release|Any CPU
		{8AC54A99-5655-435B-8417-BF2F995BE66A}.Release|Any CPU.Build.0 = Release|Any CPU
		{C3A4699A-4701-4EC9-9EE9-4CAB4C9B1A4E}.Debug|Any CPU.ActiveCfg = Debug|Any CPU
		{C3A4699A-4701-4EC9-9EE9-4CAB4C9B1A4E}.Debug|Any CPU.Build.0 = Debug|Any CPU
		{C3A4699A-4701-4EC9-9EE9-4CAB4C9B1A4E}.Release|Any CPU.ActiveCfg = Release|Any CPU
		{C3A4699A-4701-4EC9-9EE9-4CAB4C9B1A4E}.Release|Any CPU.Build.0 = Release|Any CPU
		{813C80EB-D614-4258-BD07-42660BEB738A}.Debug|Any CPU.ActiveCfg = Debug|Any CPU
		{813C80EB-D614-4258-BD07-42660BEB738A}.Debug|Any CPU.Build.0 = Debug|Any CPU
		{813C80EB-D614-4258-BD07-42660BEB738A}.Release|Any CPU.ActiveCfg = Release|Any CPU
		{813C80EB-D614-4258-BD07-42660BEB738A}.Release|Any CPU.Build.0 = Release|Any CPU
		{B969F316-815C-47B9-82B3-67FDD9ED694F}.Debug|Any CPU.ActiveCfg = Debug|Any CPU
		{B969F316-815C-47B9-82B3-67FDD9ED694F}.Debug|Any CPU.Build.0 = Debug|Any CPU
		{B969F316-815C-47B9-82B3-67FDD9ED694F}.Release|Any CPU.ActiveCfg = Release|Any CPU
		{B969F316-815C-47B9-82B3-67FDD9ED694F}.Release|Any CPU.Build.0 = Release|Any CPU
		{3F998217-4174-4AD0-A015-A9BFFADB075F}.Debug|Any CPU.ActiveCfg = Debug|Any CPU
		{3F998217-4174-4AD0-A015-A9BFFADB075F}.Debug|Any CPU.Build.0 = Debug|Any CPU
		{3F998217-4174-4AD0-A015-A9BFFADB075F}.Release|Any CPU.ActiveCfg = Release|Any CPU
		{3F998217-4174-4AD0-A015-A9BFFADB075F}.Release|Any CPU.Build.0 = Release|Any CPU
		{64D70469-18B0-446C-80E9-A7C45A747B3E}.Debug|Any CPU.ActiveCfg = Debug|Any CPU
		{64D70469-18B0-446C-80E9-A7C45A747B3E}.Debug|Any CPU.Build.0 = Debug|Any CPU
		{64D70469-18B0-446C-80E9-A7C45A747B3E}.Release|Any CPU.ActiveCfg = Release|Any CPU
		{64D70469-18B0-446C-80E9-A7C45A747B3E}.Release|Any CPU.Build.0 = Release|Any CPU
		{E4E89BC4-ABD7-427C-B331-CA235BE33426}.Debug|Any CPU.ActiveCfg = Debug|Any CPU
		{E4E89BC4-ABD7-427C-B331-CA235BE33426}.Debug|Any CPU.Build.0 = Debug|Any CPU
		{E4E89BC4-ABD7-427C-B331-CA235BE33426}.Release|Any CPU.ActiveCfg = Release|Any CPU
		{E4E89BC4-ABD7-427C-B331-CA235BE33426}.Release|Any CPU.Build.0 = Release|Any CPU
		{B2D8301E-E0D1-4A46-9ECD-671A8DFDB556}.Debug|Any CPU.ActiveCfg = Debug|Any CPU
		{B2D8301E-E0D1-4A46-9ECD-671A8DFDB556}.Debug|Any CPU.Build.0 = Debug|Any CPU
		{B2D8301E-E0D1-4A46-9ECD-671A8DFDB556}.Release|Any CPU.ActiveCfg = Release|Any CPU
		{B2D8301E-E0D1-4A46-9ECD-671A8DFDB556}.Release|Any CPU.Build.0 = Release|Any CPU
	EndGlobalSection
	GlobalSection(SolutionProperties) = preSolution
		HideSolutionNode = FALSE
	EndGlobalSection
	GlobalSection(NestedProjects) = preSolution
		{B475C173-A39D-4A75-93FF-69C3D2742CAD} = {72AAA528-FD70-45DA-82F8-1D29FC27F81F}
		{697E2991-39A8-46C2-AA9C-FE576FBBCD90} = {72AAA528-FD70-45DA-82F8-1D29FC27F81F}
		{70BBA457-2CC1-4929-8FEE-359EBB7C398A} = {72AAA528-FD70-45DA-82F8-1D29FC27F81F}
		{D90E7402-70E7-4A95-A292-47EA163D6309} = {72AAA528-FD70-45DA-82F8-1D29FC27F81F}
		{BD80CDC4-25FF-4268-8131-F7A43260122B} = {72AAA528-FD70-45DA-82F8-1D29FC27F81F}
		{0A0621F2-D1DC-47FF-B643-C6646557505E} = {80E410B3-D8D1-4C67-93FF-078530E20816}
		{D8762A0A-3832-47BE-BCF6-8B1060BE6B28} = {041E93F2-E703-4AB1-B6DF-13EC899D1C6E}
		{921B412A-5551-4853-82B4-46AD5A05A03E} = {041E93F2-E703-4AB1-B6DF-13EC899D1C6E}
		{B1A6A74B-E484-48FB-8745-7A30A06DB631} = {041E93F2-E703-4AB1-B6DF-13EC899D1C6E}
		{0C2925AD-CD97-46FA-A686-E2C1AD19DAD8} = {041E93F2-E703-4AB1-B6DF-13EC899D1C6E}
		{54F6AE18-B0CD-4799-9DF0-9B1AAD6A78AF} = {041E93F2-E703-4AB1-B6DF-13EC899D1C6E}
		{730C2D1C-0276-4132-85EA-675CE60068BB} = {446787CE-66C8-43F0-9D51-585BB41FC770}
		{0EA928BE-51C1-4087-B48A-ECE9C5E0C5B0} = {446787CE-66C8-43F0-9D51-585BB41FC770}
		{EA61DA2E-D175-4430-A56B-17BAC4B227A9} = {446787CE-66C8-43F0-9D51-585BB41FC770}
		{6762EB1D-517C-4746-80EB-D11717ACD469} = {446787CE-66C8-43F0-9D51-585BB41FC770}
		{938F2420-14B8-4C7C-93BE-C9E89E08E823} = {446787CE-66C8-43F0-9D51-585BB41FC770}
		{9E184844-18B8-446E-8EFB-25FFF76EE347} = {041E93F2-E703-4AB1-B6DF-13EC899D1C6E}
		{2569B087-6465-425E-986D-BD0D32FC8AA5} = {72AAA528-FD70-45DA-82F8-1D29FC27F81F}
		{0A7C9A18-888A-4028-B88F-989DA6A0140B} = {446787CE-66C8-43F0-9D51-585BB41FC770}
		{2A520F3E-8C5D-43FE-AA03-FE5E3C5F23D1} = {7FEEECAE-4EC2-469C-868A-0B38435C756C}
		{D70D8CBB-1AD0-49DE-83A8-07990915A843} = {7FEEECAE-4EC2-469C-868A-0B38435C756C}
		{390DBE36-C8AF-4882-BB5D-87EFBF06B8A8} = {7FEEECAE-4EC2-469C-868A-0B38435C756C}
		{722141A2-91FE-411A-A64F-A2A2A7150122} = {7FEEECAE-4EC2-469C-868A-0B38435C756C}
		{EC946164-1E17-410B-B7D9-7DE7E6268D63} = {1F4F7A9B-FD3B-495F-86D0-89A7DEA2128C}
		{774B5DF6-D14F-4839-95F3-D3632B754765} = {4F3DD6F3-121C-4D38-9B8E-5065783EA832}
		{AFCB0C5B-E3C6-45AF-940B-AA38C7EC94EA} = {1F4F7A9B-FD3B-495F-86D0-89A7DEA2128C}
		{99F594B1-3916-471D-A761-A6731FC50E9A} = {1F4F7A9B-FD3B-495F-86D0-89A7DEA2128C}
		{FCB56CBA-FA35-46A8-86B7-BAE5433197D9} = {1F4F7A9B-FD3B-495F-86D0-89A7DEA2128C}
		{B88CCE32-B1EA-45A5-AE4C-AE92B7CFD691} = {8D64F6D4-951C-413E-8A53-FB708F9FB5CD}
		{18CE822A-A46D-494B-BBFC-C52EF1D048BE} = {8E48BD4D-5178-47E1-A850-76B5DA2EB9D0}
		{04CDAFD7-7EC6-43A0-AC42-84FFD56E78B6} = {34430BD4-4D66-4FE6-8076-51B87B4FBCD4}
		{F2985136-DCB2-492F-A66D-32968A0266F1} = {34430BD4-4D66-4FE6-8076-51B87B4FBCD4}
		{37F2A7AD-FABE-4AEA-AB3D-CE8543D8134E} = {34430BD4-4D66-4FE6-8076-51B87B4FBCD4}
		{5C9B8805-6489-41C5-8FE6-195599C6497F} = {34430BD4-4D66-4FE6-8076-51B87B4FBCD4}
		{F86DCF03-7C4D-40FE-91D2-6206D532DEFD} = {34430BD4-4D66-4FE6-8076-51B87B4FBCD4}
		{9A3072A5-FC2D-4183-9420-DE5DE323441E} = {8E48BD4D-5178-47E1-A850-76B5DA2EB9D0}
		{0DC347C1-660D-45D8-BDC8-DC439C2E4A67} = {8E48BD4D-5178-47E1-A850-76B5DA2EB9D0}
		{720DF809-C0D0-440A-B4B8-BFD41358CDA2} = {8E48BD4D-5178-47E1-A850-76B5DA2EB9D0}
		{0F68246D-5645-486C-9CED-A8C8A97996DE} = {8E48BD4D-5178-47E1-A850-76B5DA2EB9D0}
		{A94F29CC-56BF-4CF6-93B1-3BB13725B776} = {8D64F6D4-951C-413E-8A53-FB708F9FB5CD}
		{FF1C6979-CD73-46DC-94BF-A6D59A252B66} = {8D64F6D4-951C-413E-8A53-FB708F9FB5CD}
		{FCA9533D-04BB-4654-94A7-B9B2065CE0EF} = {8D64F6D4-951C-413E-8A53-FB708F9FB5CD}
		{697FE592-9EB8-493C-87DA-6C218A3B113D} = {8D64F6D4-951C-413E-8A53-FB708F9FB5CD}
		{5AFCA3A1-C780-4E44-BFFA-D9224685FCE1} = {8D64F6D4-951C-413E-8A53-FB708F9FB5CD}
		{50FB229D-38DB-4A34-8588-D33671AB68DE} = {C0B86774-8307-444F-9EE4-98D62C3424F9}
		{CADE5623-CC57-43A2-9D2A-B7AB29225406} = {50FB229D-38DB-4A34-8588-D33671AB68DE}
		{2A4AF3A4-307B-4252-888E-E6546244585A} = {50FB229D-38DB-4A34-8588-D33671AB68DE}
		{C96D2F95-3090-4376-942C-2C934C55283B} = {50FB229D-38DB-4A34-8588-D33671AB68DE}
		{1B75E62D-E35D-4FF0-B5A4-78D60D3A3388} = {C0B86774-8307-444F-9EE4-98D62C3424F9}
		{3727E79D-8250-492E-8082-9A5D0C0AD0D9} = {1B75E62D-E35D-4FF0-B5A4-78D60D3A3388}
		{6AAE1FC7-D96E-40CB-8B52-EA87EF9BF00A} = {C0B86774-8307-444F-9EE4-98D62C3424F9}
		{01518AF6-AE8F-4ADA-ABE4-C78F8234899F} = {6AAE1FC7-D96E-40CB-8B52-EA87EF9BF00A}
		{1C62A2F6-7A44-4030-9D1A-7E7A966736E5} = {31F86414-C34B-462A-AFB5-BDA7724904F3}
		{DC277D4D-9479-4B55-95BB-9FDB8A682DE1} = {31F86414-C34B-462A-AFB5-BDA7724904F3}
		{9F4C5E8F-10EE-4193-BB36-A2FDE07B5557} = {31F86414-C34B-462A-AFB5-BDA7724904F3}
		{F4F111E0-7108-47A7-97A1-A5B10207C0D8} = {31F86414-C34B-462A-AFB5-BDA7724904F3}
		{C75555DC-D059-4665-A421-4EF5F30BD9B6} = {31F86414-C34B-462A-AFB5-BDA7724904F3}
		{8AC54A99-5655-435B-8417-BF2F995BE66A} = {31F86414-C34B-462A-AFB5-BDA7724904F3}
		{02F88961-A08F-451A-93AB-328792A32EBC} = {C0B86774-8307-444F-9EE4-98D62C3424F9}
		{C3A4699A-4701-4EC9-9EE9-4CAB4C9B1A4E} = {02F88961-A08F-451A-93AB-328792A32EBC}
		{813C80EB-D614-4258-BD07-42660BEB738A} = {02F88961-A08F-451A-93AB-328792A32EBC}
		{B969F316-815C-47B9-82B3-67FDD9ED694F} = {1A3624C9-EB8A-4F27-98F8-9FAEAB30604E}
		{3F998217-4174-4AD0-A015-A9BFFADB075F} = {1A3624C9-EB8A-4F27-98F8-9FAEAB30604E}
		{64D70469-18B0-446C-80E9-A7C45A747B3E} = {02F88961-A08F-451A-93AB-328792A32EBC}
		{E4E89BC4-ABD7-427C-B331-CA235BE33426} = {34430BD4-4D66-4FE6-8076-51B87B4FBCD4}
		{B2D8301E-E0D1-4A46-9ECD-671A8DFDB556} = {34430BD4-4D66-4FE6-8076-51B87B4FBCD4}
	EndGlobalSection
	GlobalSection(ExtensibilityGlobals) = postSolution
		SolutionGuid = {FC44ACA9-AEA3-4EE6-881C-2E08ED281B5F}
	EndGlobalSection
EndGlobal
