Microsoft Visual Studio Solution File, Format Version 12.00
# Visual Studio 14
VisualStudioVersion = 14.0.23107.0
MinimumVisualStudioVersion = 10.0.40219.1
INSERTFOLDERS
INSERTPROJECTS
Project("{2150E333-8FDC-42A3-9474-1A3956D46DE8}") = "Test", "Test", "{80E410B3-D8D1-4C67-93FF-078530E20816}"
EndProject
Project("{FAE04EC0-301F-11D3-BF4B-00C04F79EFBC}") = "DiagnosticsTestUtilities", "Test\Utilities\DiagnosticsTestUtilities.csproj", "{0A0621F2-D1DC-47FF-B643-C6646557505E}"
EndProject
Global
	GlobalSection(SolutionConfigurationPlatforms) = preSolution
		Debug|Any CPU = Debug|Any CPU
		Release|Any CPU = Release|Any CPU
	EndGlobalSection
	GlobalSection(ProjectConfigurationPlatforms) = postSolution
INSERTCONFIGURATIONS
		{0A0621F2-D1DC-47FF-B643-C6646557505E}.Debug|Any CPU.ActiveCfg = Debug|Any CPU
		{0A0621F2-D1DC-47FF-B643-C6646557505E}.Debug|Any CPU.Build.0 = Debug|Any CPU
		{0A0621F2-D1DC-47FF-B643-C6646557505E}.Release|Any CPU.ActiveCfg = Release|Any CPU
		{0A0621F2-D1DC-47FF-B643-C6646557505E}.Release|Any CPU.Build.0 = Release|Any CPU
	EndGlobalSection
	GlobalSection(SolutionProperties) = preSolution
		HideSolutionNode = FALSE
	EndGlobalSection
	GlobalSection(NestedProjects) = preSolution
INSERTNESTEDPROJECTS
		{0A0621F2-D1DC-47FF-B643-C6646557505E} = {80E410B3-D8D1-4C67-93FF-078530E20816}
	EndGlobalSection
EndGlobal
