Microsoft Visual Studio Solution File, Format Version 12.00
# Visual Studio 15
VisualStudioVersion = 15.0.26228.0
MinimumVisualStudioVersion = 10.0.40219.1
Project("{2150E333-8FDC-42A3-9474-1A3956D46DE8}") = "Microsoft.NetFramework.Analyzers", "Microsoft.NetFramework.Analyzers", "{AB503AAC-EE72-4DD4-A339-C7DD545494DB}"
EndProject
Project("{2150E333-8FDC-42A3-9474-1A3956D46DE8}") = "Roslyn.Diagnostics.Analyzers", "Roslyn.Diagnostics.Analyzers", "{72AAA528-FD70-45DA-82F8-1D29FC27F81F}"
EndProject
Project("{9A19103F-16F7-4668-BE54-9A1E7A4F7556}") = "Roslyn.Diagnostics.Analyzers.Core", "Roslyn.Diagnostics.Analyzers\Core\Roslyn.Diagnostics.Analyzers.Core.csproj", "{B475C173-A39D-4A75-93FF-69C3D2742CAD}"
EndProject
Project("{9A19103F-16F7-4668-BE54-9A1E7A4F7556}") = "Roslyn.Diagnostics.CSharp.Analyzers", "Roslyn.Diagnostics.Analyzers\CSharp\Roslyn.Diagnostics.CSharp.Analyzers.csproj", "{697E2991-39A8-46C2-AA9C-FE576FBBCD90}"
EndProject
Project("{778DAE3C-4631-46EA-AA77-85C1314464D9}") = "Roslyn.Diagnostics.VisualBasic.Analyzers", "Roslyn.Diagnostics.Analyzers\VisualBasic\Roslyn.Diagnostics.VisualBasic.Analyzers.vbproj", "{70BBA457-2CC1-4929-8FEE-359EBB7C398A}"
EndProject
Project("{9A19103F-16F7-4668-BE54-9A1E7A4F7556}") = "Roslyn.Diagnostics.Analyzers.UnitTests", "Roslyn.Diagnostics.Analyzers\UnitTests\Roslyn.Diagnostics.Analyzers.UnitTests.csproj", "{D90E7402-70E7-4A95-A292-47EA163D6309}"
EndProject
Project("{9A19103F-16F7-4668-BE54-9A1E7A4F7556}") = "Roslyn.Diagnostics.Analyzers.Setup", "Roslyn.Diagnostics.Analyzers\Setup\Roslyn.Diagnostics.Analyzers.Setup.csproj", "{BD80CDC4-25FF-4268-8131-F7A43260122B}"
EndProject
Project("{2150E333-8FDC-42A3-9474-1A3956D46DE8}") = "Test", "Test", "{80E410B3-D8D1-4C67-93FF-078530E20816}"
EndProject
Project("{9A19103F-16F7-4668-BE54-9A1E7A4F7556}") = "Test.Utilities", "Test\Utilities\Test.Utilities.csproj", "{0A0621F2-D1DC-47FF-B643-C6646557505E}"
EndProject
Project("{2150E333-8FDC-42A3-9474-1A3956D46DE8}") = "Utilities", "Utilities", "{1F4F7A9B-FD3B-495F-86D0-89A7DEA2128C}"
EndProject
Project("{9A19103F-16F7-4668-BE54-9A1E7A4F7556}") = "Analyzer.Utilities", "Analyzer.Utilities\Analyzer.Utilities.csproj", "{F8502E24-5EB1-4CDC-8887-1A0CC8008D96}"
EndProject
Project("{2150E333-8FDC-42A3-9474-1A3956D46DE8}") = "Microsoft.CodeAnalysis.Analyzers", "Microsoft.CodeAnalysis.Analyzers", "{041E93F2-E703-4AB1-B6DF-13EC899D1C6E}"
EndProject
Project("{9A19103F-16F7-4668-BE54-9A1E7A4F7556}") = "Microsoft.CodeAnalysis.Analyzers.Core", "Microsoft.CodeAnalysis.Analyzers\Core\Microsoft.CodeAnalysis.Analyzers.Core.csproj", "{D8762A0A-3832-47BE-BCF6-8B1060BE6B28}"
EndProject
Project("{9A19103F-16F7-4668-BE54-9A1E7A4F7556}") = "Microsoft.CodeAnalysis.CSharp.Analyzers", "Microsoft.CodeAnalysis.Analyzers\CSharp\Microsoft.CodeAnalysis.CSharp.Analyzers.csproj", "{921B412A-5551-4853-82B4-46AD5A05A03E}"
EndProject
Project("{778DAE3C-4631-46EA-AA77-85C1314464D9}") = "Microsoft.CodeAnalysis.VisualBasic.Analyzers", "Microsoft.CodeAnalysis.Analyzers\VisualBasic\Microsoft.CodeAnalysis.VisualBasic.Analyzers.vbproj", "{B1A6A74B-E484-48FB-8745-7A30A06DB631}"
EndProject
Project("{9A19103F-16F7-4668-BE54-9A1E7A4F7556}") = "Microsoft.CodeAnalysis.Analyzers.UnitTests", "Microsoft.CodeAnalysis.Analyzers\UnitTests\Microsoft.CodeAnalysis.Analyzers.UnitTests.csproj", "{0C2925AD-CD97-46FA-A686-E2C1AD19DAD8}"
EndProject
Project("{9A19103F-16F7-4668-BE54-9A1E7A4F7556}") = "Microsoft.CodeAnalysis.Analyzers.Setup", "Microsoft.CodeAnalysis.Analyzers\Setup\Microsoft.CodeAnalysis.Analyzers.Setup.csproj", "{54F6AE18-B0CD-4799-9DF0-9B1AAD6A78AF}"
EndProject
Project("{2150E333-8FDC-42A3-9474-1A3956D46DE8}") = "Tools", "Tools", "{87CF7748-CEB9-4D1A-9A56-F4364B73AB55}"
EndProject
Project("{9A19103F-16F7-4668-BE54-9A1E7A4F7556}") = "a2md", "Tools\a2md\a2md.csproj", "{AD31451B-0D31-41A9-8447-66569D2E07B6}"
EndProject
Project("{2150E333-8FDC-42A3-9474-1A3956D46DE8}") = "Text.Analyzers", "Text.Analyzers", "{446787CE-66C8-43F0-9D51-585BB41FC770}"
EndProject
Project("{9A19103F-16F7-4668-BE54-9A1E7A4F7556}") = "Text.Analyzers.Core", "Text.Analyzers\Core\Text.Analyzers.Core.csproj", "{730C2D1C-0276-4132-85EA-675CE60068BB}"
EndProject
Project("{9A19103F-16F7-4668-BE54-9A1E7A4F7556}") = "Text.CSharp.Analyzers", "Text.Analyzers\CSharp\Text.CSharp.Analyzers.csproj", "{0EA928BE-51C1-4087-B48A-ECE9C5E0C5B0}"
EndProject
Project("{9A19103F-16F7-4668-BE54-9A1E7A4F7556}") = "Text.Analyzers.Setup", "Text.Analyzers\Setup\Text.Analyzers.Setup.csproj", "{EA61DA2E-D175-4430-A56B-17BAC4B227A9}"
EndProject
Project("{9A19103F-16F7-4668-BE54-9A1E7A4F7556}") = "Text.Analyzers.UnitTests", "Text.Analyzers\UnitTests\Text.Analyzers.UnitTests.csproj", "{6762EB1D-517C-4746-80EB-D11717ACD469}"
EndProject
Project("{778DAE3C-4631-46EA-AA77-85C1314464D9}") = "Text.VisualBasic.Analyzers", "Text.Analyzers\VisualBasic\Text.VisualBasic.Analyzers.vbproj", "{938F2420-14B8-4C7C-93BE-C9E89E08E823}"
EndProject
Project("{9A19103F-16F7-4668-BE54-9A1E7A4F7556}") = "AnalyzersStatusGenerator", "Tools\AnalyzersStatusGenerator\AnalyzersStatusGenerator.csproj", "{7ED0990C-5642-481D-89BC-3AFC88C38A2D}"
EndProject
Project("{2150E333-8FDC-42A3-9474-1A3956D46DE8}") = "Microsoft.CodeQuality.Analyzers", "Microsoft.CodeQuality.Analyzers", "{2FD3F380-3F97-40C6-BBEA-76C22447FDE2}"
EndProject
Project("{9A19103F-16F7-4668-BE54-9A1E7A4F7556}") = "Microsoft.CodeQuality.Analyzers.Core", "Microsoft.CodeQuality.Analyzers\Core\Microsoft.CodeQuality.Analyzers.Core.csproj", "{4A0E01CD-CBE1-4C77-87C1-7B2FC9DFF00E}"
EndProject
Project("{9A19103F-16F7-4668-BE54-9A1E7A4F7556}") = "Microsoft.CodeQuality.CSharp.Analyzers", "Microsoft.CodeQuality.Analyzers\CSharp\Microsoft.CodeQuality.CSharp.Analyzers.csproj", "{B915F500-F273-4652-BFD6-5D4D530644D8}"
EndProject
Project("{778DAE3C-4631-46EA-AA77-85C1314464D9}") = "Microsoft.CodeQuality.VisualBasic.Analyzers", "Microsoft.CodeQuality.Analyzers\VisualBasic\Microsoft.CodeQuality.VisualBasic.Analyzers.vbproj", "{2F641D83-33B9-443F-B129-C674ECA1E1C9}"
EndProject
Project("{9A19103F-16F7-4668-BE54-9A1E7A4F7556}") = "Microsoft.CodeQuality.Analyzers.Setup", "Microsoft.CodeQuality.Analyzers\Setup\Microsoft.CodeQuality.Analyzers.Setup.csproj", "{24FD631A-0F09-4CF7-99F3-C6DF27B42024}"
EndProject
Project("{9A19103F-16F7-4668-BE54-9A1E7A4F7556}") = "Microsoft.CodeQuality.Analyzers.UnitTests", "Microsoft.CodeQuality.Analyzers\UnitTests\Microsoft.CodeQuality.Analyzers.UnitTests.csproj", "{B8757527-294E-41DE-86AC-538409A3B884}"
EndProject
Project("{2150E333-8FDC-42A3-9474-1A3956D46DE8}") = "Microsoft.NetCore.Analyzers", "Microsoft.NetCore.Analyzers", "{F51DA745-0649-4FC2-B85B-02CA13F0A173}"
EndProject
Project("{9A19103F-16F7-4668-BE54-9A1E7A4F7556}") = "Microsoft.NetCore.Analyzers.Core", "Microsoft.NetCore.Analyzers\Core\Microsoft.NetCore.Analyzers.Core.csproj", "{B13019C3-15CA-4B4A-87DE-1D635026D553}"
EndProject
Project("{9A19103F-16F7-4668-BE54-9A1E7A4F7556}") = "Microsoft.NetCore.CSharp.Analyzers", "Microsoft.NetCore.Analyzers\CSharp\Microsoft.NetCore.CSharp.Analyzers.csproj", "{C7414BFE-6F6A-45BF-8E95-6D796ADDE95B}"
EndProject
Project("{9A19103F-16F7-4668-BE54-9A1E7A4F7556}") = "Microsoft.NetCore.Analyzers.Setup", "Microsoft.NetCore.Analyzers\Setup\Microsoft.NetCore.Analyzers.Setup.csproj", "{1F1962E3-7E13-4208-9E3D-EA0D6057AD2A}"
EndProject
Project("{9A19103F-16F7-4668-BE54-9A1E7A4F7556}") = "Microsoft.NetCore.Analyzers.UnitTests", "Microsoft.NetCore.Analyzers\UnitTests\Microsoft.NetCore.Analyzers.UnitTests.csproj", "{DC78C3E7-C2E5-4A86-836A-E96C58BD0F3B}"
EndProject
Project("{F184B08F-C81C-45F6-A57F-5ABD9991F28F}") = "Microsoft.NetCore.VisualBasic.Analyzers", "Microsoft.NetCore.Analyzers\VisualBasic\Microsoft.NetCore.VisualBasic.Analyzers.vbproj", "{913D13B5-9148-47DC-8A74-B143D1EC1418}"
EndProject
Project("{9A19103F-16F7-4668-BE54-9A1E7A4F7556}") = "Microsoft.NetFramework.Analyzers.Core", "Microsoft.NetFramework.Analyzers\Core\Microsoft.NetFramework.Analyzers.Core.csproj", "{D46A657D-8530-4B9D-B764-ADFA49BA7446}"
EndProject
Project("{9A19103F-16F7-4668-BE54-9A1E7A4F7556}") = "Microsoft.NetFramework.CSharp.Analyzers", "Microsoft.NetFramework.Analyzers\CSharp\Microsoft.NetFramework.CSharp.Analyzers.csproj", "{30636309-8030-4933-8392-7924BAE3A262}"
EndProject
Project("{9A19103F-16F7-4668-BE54-9A1E7A4F7556}") = "Microsoft.NetFramework.Analyzers.Setup", "Microsoft.NetFramework.Analyzers\Setup\Microsoft.NetFramework.Analyzers.Setup.csproj", "{754F0853-5C1F-422B-8969-96664DF17A9C}"
EndProject
Project("{9A19103F-16F7-4668-BE54-9A1E7A4F7556}") = "Microsoft.NetFramework.Analyzers.UnitTests", "Microsoft.NetFramework.Analyzers\UnitTests\Microsoft.NetFramework.Analyzers.UnitTests.csproj", "{FC381B07-C102-472D-A73A-6EB71F9D67B0}"
EndProject
Project("{778DAE3C-4631-46EA-AA77-85C1314464D9}") = "Microsoft.NetFramework.VisualBasic.Analyzers", "Microsoft.NetFramework.Analyzers\VisualBasic\Microsoft.NetFramework.VisualBasic.Analyzers.vbproj", "{A5CDB779-6B8B-4DEF-A87E-F892355C9A96}"
EndProject
Global
	GlobalSection(SolutionConfigurationPlatforms) = preSolution
		Debug|Any CPU = Debug|Any CPU
		Debug|x86 = Debug|x86
		Release|Any CPU = Release|Any CPU
		Release|x86 = Release|x86
	EndGlobalSection
	GlobalSection(ProjectConfigurationPlatforms) = postSolution
		{B475C173-A39D-4A75-93FF-69C3D2742CAD}.Debug|Any CPU.ActiveCfg = Debug|Any CPU
		{B475C173-A39D-4A75-93FF-69C3D2742CAD}.Debug|Any CPU.Build.0 = Debug|Any CPU
		{B475C173-A39D-4A75-93FF-69C3D2742CAD}.Debug|x86.ActiveCfg = Debug|Any CPU
		{B475C173-A39D-4A75-93FF-69C3D2742CAD}.Debug|x86.Build.0 = Debug|Any CPU
		{B475C173-A39D-4A75-93FF-69C3D2742CAD}.Release|Any CPU.ActiveCfg = Release|Any CPU
		{B475C173-A39D-4A75-93FF-69C3D2742CAD}.Release|Any CPU.Build.0 = Release|Any CPU
		{B475C173-A39D-4A75-93FF-69C3D2742CAD}.Release|x86.ActiveCfg = Release|Any CPU
		{B475C173-A39D-4A75-93FF-69C3D2742CAD}.Release|x86.Build.0 = Release|Any CPU
		{697E2991-39A8-46C2-AA9C-FE576FBBCD90}.Debug|Any CPU.ActiveCfg = Debug|Any CPU
		{697E2991-39A8-46C2-AA9C-FE576FBBCD90}.Debug|Any CPU.Build.0 = Debug|Any CPU
		{697E2991-39A8-46C2-AA9C-FE576FBBCD90}.Debug|x86.ActiveCfg = Debug|Any CPU
		{697E2991-39A8-46C2-AA9C-FE576FBBCD90}.Debug|x86.Build.0 = Debug|Any CPU
		{697E2991-39A8-46C2-AA9C-FE576FBBCD90}.Release|Any CPU.ActiveCfg = Release|Any CPU
		{697E2991-39A8-46C2-AA9C-FE576FBBCD90}.Release|Any CPU.Build.0 = Release|Any CPU
		{697E2991-39A8-46C2-AA9C-FE576FBBCD90}.Release|x86.ActiveCfg = Release|Any CPU
		{697E2991-39A8-46C2-AA9C-FE576FBBCD90}.Release|x86.Build.0 = Release|Any CPU
		{70BBA457-2CC1-4929-8FEE-359EBB7C398A}.Debug|Any CPU.ActiveCfg = Debug|Any CPU
		{70BBA457-2CC1-4929-8FEE-359EBB7C398A}.Debug|Any CPU.Build.0 = Debug|Any CPU
		{70BBA457-2CC1-4929-8FEE-359EBB7C398A}.Debug|x86.ActiveCfg = Debug|Any CPU
		{70BBA457-2CC1-4929-8FEE-359EBB7C398A}.Debug|x86.Build.0 = Debug|Any CPU
		{70BBA457-2CC1-4929-8FEE-359EBB7C398A}.Release|Any CPU.ActiveCfg = Release|Any CPU
		{70BBA457-2CC1-4929-8FEE-359EBB7C398A}.Release|Any CPU.Build.0 = Release|Any CPU
		{70BBA457-2CC1-4929-8FEE-359EBB7C398A}.Release|x86.ActiveCfg = Release|Any CPU
		{70BBA457-2CC1-4929-8FEE-359EBB7C398A}.Release|x86.Build.0 = Release|Any CPU
		{D90E7402-70E7-4A95-A292-47EA163D6309}.Debug|Any CPU.ActiveCfg = Debug|Any CPU
		{D90E7402-70E7-4A95-A292-47EA163D6309}.Debug|Any CPU.Build.0 = Debug|Any CPU
		{D90E7402-70E7-4A95-A292-47EA163D6309}.Debug|x86.ActiveCfg = Debug|Any CPU
		{D90E7402-70E7-4A95-A292-47EA163D6309}.Debug|x86.Build.0 = Debug|Any CPU
		{D90E7402-70E7-4A95-A292-47EA163D6309}.Release|Any CPU.ActiveCfg = Release|Any CPU
		{D90E7402-70E7-4A95-A292-47EA163D6309}.Release|Any CPU.Build.0 = Release|Any CPU
		{D90E7402-70E7-4A95-A292-47EA163D6309}.Release|x86.ActiveCfg = Release|Any CPU
		{D90E7402-70E7-4A95-A292-47EA163D6309}.Release|x86.Build.0 = Release|Any CPU
		{BD80CDC4-25FF-4268-8131-F7A43260122B}.Debug|Any CPU.ActiveCfg = Debug|Any CPU
		{BD80CDC4-25FF-4268-8131-F7A43260122B}.Debug|Any CPU.Build.0 = Debug|Any CPU
		{BD80CDC4-25FF-4268-8131-F7A43260122B}.Debug|x86.ActiveCfg = Debug|Any CPU
		{BD80CDC4-25FF-4268-8131-F7A43260122B}.Debug|x86.Build.0 = Debug|Any CPU
		{BD80CDC4-25FF-4268-8131-F7A43260122B}.Release|Any CPU.ActiveCfg = Release|Any CPU
		{BD80CDC4-25FF-4268-8131-F7A43260122B}.Release|Any CPU.Build.0 = Release|Any CPU
		{BD80CDC4-25FF-4268-8131-F7A43260122B}.Release|x86.ActiveCfg = Release|Any CPU
		{BD80CDC4-25FF-4268-8131-F7A43260122B}.Release|x86.Build.0 = Release|Any CPU
		{0A0621F2-D1DC-47FF-B643-C6646557505E}.Debug|Any CPU.ActiveCfg = Debug|Any CPU
		{0A0621F2-D1DC-47FF-B643-C6646557505E}.Debug|Any CPU.Build.0 = Debug|Any CPU
		{0A0621F2-D1DC-47FF-B643-C6646557505E}.Debug|x86.ActiveCfg = Debug|Any CPU
		{0A0621F2-D1DC-47FF-B643-C6646557505E}.Debug|x86.Build.0 = Debug|Any CPU
		{0A0621F2-D1DC-47FF-B643-C6646557505E}.Release|Any CPU.ActiveCfg = Release|Any CPU
		{0A0621F2-D1DC-47FF-B643-C6646557505E}.Release|Any CPU.Build.0 = Release|Any CPU
		{0A0621F2-D1DC-47FF-B643-C6646557505E}.Release|x86.ActiveCfg = Release|Any CPU
		{0A0621F2-D1DC-47FF-B643-C6646557505E}.Release|x86.Build.0 = Release|Any CPU
		{F8502E24-5EB1-4CDC-8887-1A0CC8008D96}.Debug|Any CPU.ActiveCfg = Debug|Any CPU
		{F8502E24-5EB1-4CDC-8887-1A0CC8008D96}.Debug|Any CPU.Build.0 = Debug|Any CPU
		{F8502E24-5EB1-4CDC-8887-1A0CC8008D96}.Debug|x86.ActiveCfg = Debug|Any CPU
		{F8502E24-5EB1-4CDC-8887-1A0CC8008D96}.Debug|x86.Build.0 = Debug|Any CPU
		{F8502E24-5EB1-4CDC-8887-1A0CC8008D96}.Release|Any CPU.ActiveCfg = Release|Any CPU
		{F8502E24-5EB1-4CDC-8887-1A0CC8008D96}.Release|Any CPU.Build.0 = Release|Any CPU
		{F8502E24-5EB1-4CDC-8887-1A0CC8008D96}.Release|x86.ActiveCfg = Release|Any CPU
		{F8502E24-5EB1-4CDC-8887-1A0CC8008D96}.Release|x86.Build.0 = Release|Any CPU
		{D8762A0A-3832-47BE-BCF6-8B1060BE6B28}.Debug|Any CPU.ActiveCfg = Debug|Any CPU
		{D8762A0A-3832-47BE-BCF6-8B1060BE6B28}.Debug|Any CPU.Build.0 = Debug|Any CPU
		{D8762A0A-3832-47BE-BCF6-8B1060BE6B28}.Debug|x86.ActiveCfg = Debug|Any CPU
		{D8762A0A-3832-47BE-BCF6-8B1060BE6B28}.Debug|x86.Build.0 = Debug|Any CPU
		{D8762A0A-3832-47BE-BCF6-8B1060BE6B28}.Release|Any CPU.ActiveCfg = Release|Any CPU
		{D8762A0A-3832-47BE-BCF6-8B1060BE6B28}.Release|Any CPU.Build.0 = Release|Any CPU
		{D8762A0A-3832-47BE-BCF6-8B1060BE6B28}.Release|x86.ActiveCfg = Release|Any CPU
		{D8762A0A-3832-47BE-BCF6-8B1060BE6B28}.Release|x86.Build.0 = Release|Any CPU
		{921B412A-5551-4853-82B4-46AD5A05A03E}.Debug|Any CPU.ActiveCfg = Debug|Any CPU
		{921B412A-5551-4853-82B4-46AD5A05A03E}.Debug|Any CPU.Build.0 = Debug|Any CPU
		{921B412A-5551-4853-82B4-46AD5A05A03E}.Debug|x86.ActiveCfg = Debug|Any CPU
		{921B412A-5551-4853-82B4-46AD5A05A03E}.Debug|x86.Build.0 = Debug|Any CPU
		{921B412A-5551-4853-82B4-46AD5A05A03E}.Release|Any CPU.ActiveCfg = Release|Any CPU
		{921B412A-5551-4853-82B4-46AD5A05A03E}.Release|Any CPU.Build.0 = Release|Any CPU
		{921B412A-5551-4853-82B4-46AD5A05A03E}.Release|x86.ActiveCfg = Release|Any CPU
		{921B412A-5551-4853-82B4-46AD5A05A03E}.Release|x86.Build.0 = Release|Any CPU
		{B1A6A74B-E484-48FB-8745-7A30A06DB631}.Debug|Any CPU.ActiveCfg = Debug|Any CPU
		{B1A6A74B-E484-48FB-8745-7A30A06DB631}.Debug|Any CPU.Build.0 = Debug|Any CPU
		{B1A6A74B-E484-48FB-8745-7A30A06DB631}.Debug|x86.ActiveCfg = Debug|Any CPU
		{B1A6A74B-E484-48FB-8745-7A30A06DB631}.Debug|x86.Build.0 = Debug|Any CPU
		{B1A6A74B-E484-48FB-8745-7A30A06DB631}.Release|Any CPU.ActiveCfg = Release|Any CPU
		{B1A6A74B-E484-48FB-8745-7A30A06DB631}.Release|Any CPU.Build.0 = Release|Any CPU
		{B1A6A74B-E484-48FB-8745-7A30A06DB631}.Release|x86.ActiveCfg = Release|Any CPU
		{B1A6A74B-E484-48FB-8745-7A30A06DB631}.Release|x86.Build.0 = Release|Any CPU
		{0C2925AD-CD97-46FA-A686-E2C1AD19DAD8}.Debug|Any CPU.ActiveCfg = Debug|Any CPU
		{0C2925AD-CD97-46FA-A686-E2C1AD19DAD8}.Debug|Any CPU.Build.0 = Debug|Any CPU
		{0C2925AD-CD97-46FA-A686-E2C1AD19DAD8}.Debug|x86.ActiveCfg = Debug|Any CPU
		{0C2925AD-CD97-46FA-A686-E2C1AD19DAD8}.Debug|x86.Build.0 = Debug|Any CPU
		{0C2925AD-CD97-46FA-A686-E2C1AD19DAD8}.Release|Any CPU.ActiveCfg = Release|Any CPU
		{0C2925AD-CD97-46FA-A686-E2C1AD19DAD8}.Release|Any CPU.Build.0 = Release|Any CPU
		{0C2925AD-CD97-46FA-A686-E2C1AD19DAD8}.Release|x86.ActiveCfg = Release|Any CPU
		{0C2925AD-CD97-46FA-A686-E2C1AD19DAD8}.Release|x86.Build.0 = Release|Any CPU
		{54F6AE18-B0CD-4799-9DF0-9B1AAD6A78AF}.Debug|Any CPU.ActiveCfg = Debug|Any CPU
		{54F6AE18-B0CD-4799-9DF0-9B1AAD6A78AF}.Debug|Any CPU.Build.0 = Debug|Any CPU
		{54F6AE18-B0CD-4799-9DF0-9B1AAD6A78AF}.Debug|x86.ActiveCfg = Debug|Any CPU
		{54F6AE18-B0CD-4799-9DF0-9B1AAD6A78AF}.Debug|x86.Build.0 = Debug|Any CPU
		{54F6AE18-B0CD-4799-9DF0-9B1AAD6A78AF}.Release|Any CPU.ActiveCfg = Release|Any CPU
		{54F6AE18-B0CD-4799-9DF0-9B1AAD6A78AF}.Release|Any CPU.Build.0 = Release|Any CPU
		{54F6AE18-B0CD-4799-9DF0-9B1AAD6A78AF}.Release|x86.ActiveCfg = Release|Any CPU
		{54F6AE18-B0CD-4799-9DF0-9B1AAD6A78AF}.Release|x86.Build.0 = Release|Any CPU
		{AD31451B-0D31-41A9-8447-66569D2E07B6}.Debug|Any CPU.ActiveCfg = Debug|Any CPU
		{AD31451B-0D31-41A9-8447-66569D2E07B6}.Debug|Any CPU.Build.0 = Debug|Any CPU
		{AD31451B-0D31-41A9-8447-66569D2E07B6}.Debug|x86.ActiveCfg = Debug|Any CPU
		{AD31451B-0D31-41A9-8447-66569D2E07B6}.Debug|x86.Build.0 = Debug|Any CPU
		{AD31451B-0D31-41A9-8447-66569D2E07B6}.Release|Any CPU.ActiveCfg = Release|Any CPU
		{AD31451B-0D31-41A9-8447-66569D2E07B6}.Release|Any CPU.Build.0 = Release|Any CPU
		{AD31451B-0D31-41A9-8447-66569D2E07B6}.Release|x86.ActiveCfg = Release|Any CPU
		{AD31451B-0D31-41A9-8447-66569D2E07B6}.Release|x86.Build.0 = Release|Any CPU
		{730C2D1C-0276-4132-85EA-675CE60068BB}.Debug|Any CPU.ActiveCfg = Debug|Any CPU
		{730C2D1C-0276-4132-85EA-675CE60068BB}.Debug|Any CPU.Build.0 = Debug|Any CPU
		{730C2D1C-0276-4132-85EA-675CE60068BB}.Debug|x86.ActiveCfg = Debug|Any CPU
		{730C2D1C-0276-4132-85EA-675CE60068BB}.Debug|x86.Build.0 = Debug|Any CPU
		{730C2D1C-0276-4132-85EA-675CE60068BB}.Release|Any CPU.ActiveCfg = Release|Any CPU
		{730C2D1C-0276-4132-85EA-675CE60068BB}.Release|Any CPU.Build.0 = Release|Any CPU
		{730C2D1C-0276-4132-85EA-675CE60068BB}.Release|x86.ActiveCfg = Release|Any CPU
		{730C2D1C-0276-4132-85EA-675CE60068BB}.Release|x86.Build.0 = Release|Any CPU
		{0EA928BE-51C1-4087-B48A-ECE9C5E0C5B0}.Debug|Any CPU.ActiveCfg = Debug|Any CPU
		{0EA928BE-51C1-4087-B48A-ECE9C5E0C5B0}.Debug|Any CPU.Build.0 = Debug|Any CPU
		{0EA928BE-51C1-4087-B48A-ECE9C5E0C5B0}.Debug|x86.ActiveCfg = Debug|Any CPU
		{0EA928BE-51C1-4087-B48A-ECE9C5E0C5B0}.Debug|x86.Build.0 = Debug|Any CPU
		{0EA928BE-51C1-4087-B48A-ECE9C5E0C5B0}.Release|Any CPU.ActiveCfg = Release|Any CPU
		{0EA928BE-51C1-4087-B48A-ECE9C5E0C5B0}.Release|Any CPU.Build.0 = Release|Any CPU
		{0EA928BE-51C1-4087-B48A-ECE9C5E0C5B0}.Release|x86.ActiveCfg = Release|Any CPU
		{0EA928BE-51C1-4087-B48A-ECE9C5E0C5B0}.Release|x86.Build.0 = Release|Any CPU
		{EA61DA2E-D175-4430-A56B-17BAC4B227A9}.Debug|Any CPU.ActiveCfg = Debug|Any CPU
		{EA61DA2E-D175-4430-A56B-17BAC4B227A9}.Debug|Any CPU.Build.0 = Debug|Any CPU
		{EA61DA2E-D175-4430-A56B-17BAC4B227A9}.Debug|x86.ActiveCfg = Debug|Any CPU
		{EA61DA2E-D175-4430-A56B-17BAC4B227A9}.Debug|x86.Build.0 = Debug|Any CPU
		{EA61DA2E-D175-4430-A56B-17BAC4B227A9}.Release|Any CPU.ActiveCfg = Release|Any CPU
		{EA61DA2E-D175-4430-A56B-17BAC4B227A9}.Release|Any CPU.Build.0 = Release|Any CPU
		{EA61DA2E-D175-4430-A56B-17BAC4B227A9}.Release|x86.ActiveCfg = Release|Any CPU
		{EA61DA2E-D175-4430-A56B-17BAC4B227A9}.Release|x86.Build.0 = Release|Any CPU
		{6762EB1D-517C-4746-80EB-D11717ACD469}.Debug|Any CPU.ActiveCfg = Debug|Any CPU
		{6762EB1D-517C-4746-80EB-D11717ACD469}.Debug|Any CPU.Build.0 = Debug|Any CPU
		{6762EB1D-517C-4746-80EB-D11717ACD469}.Debug|x86.ActiveCfg = Debug|Any CPU
		{6762EB1D-517C-4746-80EB-D11717ACD469}.Debug|x86.Build.0 = Debug|Any CPU
		{6762EB1D-517C-4746-80EB-D11717ACD469}.Release|Any CPU.ActiveCfg = Release|Any CPU
		{6762EB1D-517C-4746-80EB-D11717ACD469}.Release|Any CPU.Build.0 = Release|Any CPU
		{6762EB1D-517C-4746-80EB-D11717ACD469}.Release|x86.ActiveCfg = Release|Any CPU
		{6762EB1D-517C-4746-80EB-D11717ACD469}.Release|x86.Build.0 = Release|Any CPU
		{938F2420-14B8-4C7C-93BE-C9E89E08E823}.Debug|Any CPU.ActiveCfg = Debug|Any CPU
		{938F2420-14B8-4C7C-93BE-C9E89E08E823}.Debug|Any CPU.Build.0 = Debug|Any CPU
		{938F2420-14B8-4C7C-93BE-C9E89E08E823}.Debug|x86.ActiveCfg = Debug|Any CPU
		{938F2420-14B8-4C7C-93BE-C9E89E08E823}.Debug|x86.Build.0 = Debug|Any CPU
		{938F2420-14B8-4C7C-93BE-C9E89E08E823}.Release|Any CPU.ActiveCfg = Release|Any CPU
		{938F2420-14B8-4C7C-93BE-C9E89E08E823}.Release|Any CPU.Build.0 = Release|Any CPU
		{938F2420-14B8-4C7C-93BE-C9E89E08E823}.Release|x86.ActiveCfg = Release|Any CPU
		{938F2420-14B8-4C7C-93BE-C9E89E08E823}.Release|x86.Build.0 = Release|Any CPU
		{7ED0990C-5642-481D-89BC-3AFC88C38A2D}.Debug|Any CPU.ActiveCfg = Debug|Any CPU
		{7ED0990C-5642-481D-89BC-3AFC88C38A2D}.Debug|Any CPU.Build.0 = Debug|Any CPU
		{7ED0990C-5642-481D-89BC-3AFC88C38A2D}.Debug|x86.ActiveCfg = Debug|Any CPU
		{7ED0990C-5642-481D-89BC-3AFC88C38A2D}.Debug|x86.Build.0 = Debug|Any CPU
		{7ED0990C-5642-481D-89BC-3AFC88C38A2D}.Release|Any CPU.ActiveCfg = Release|Any CPU
		{7ED0990C-5642-481D-89BC-3AFC88C38A2D}.Release|Any CPU.Build.0 = Release|Any CPU
		{7ED0990C-5642-481D-89BC-3AFC88C38A2D}.Release|x86.ActiveCfg = Release|Any CPU
		{7ED0990C-5642-481D-89BC-3AFC88C38A2D}.Release|x86.Build.0 = Release|Any CPU
		{4A0E01CD-CBE1-4C77-87C1-7B2FC9DFF00E}.Debug|Any CPU.ActiveCfg = Debug|Any CPU
		{4A0E01CD-CBE1-4C77-87C1-7B2FC9DFF00E}.Debug|Any CPU.Build.0 = Debug|Any CPU
		{4A0E01CD-CBE1-4C77-87C1-7B2FC9DFF00E}.Debug|x86.ActiveCfg = Debug|Any CPU
		{4A0E01CD-CBE1-4C77-87C1-7B2FC9DFF00E}.Debug|x86.Build.0 = Debug|Any CPU
		{4A0E01CD-CBE1-4C77-87C1-7B2FC9DFF00E}.Release|Any CPU.ActiveCfg = Release|Any CPU
		{4A0E01CD-CBE1-4C77-87C1-7B2FC9DFF00E}.Release|Any CPU.Build.0 = Release|Any CPU
		{4A0E01CD-CBE1-4C77-87C1-7B2FC9DFF00E}.Release|x86.ActiveCfg = Release|Any CPU
		{4A0E01CD-CBE1-4C77-87C1-7B2FC9DFF00E}.Release|x86.Build.0 = Release|Any CPU
		{B915F500-F273-4652-BFD6-5D4D530644D8}.Debug|Any CPU.ActiveCfg = Debug|Any CPU
		{B915F500-F273-4652-BFD6-5D4D530644D8}.Debug|Any CPU.Build.0 = Debug|Any CPU
		{B915F500-F273-4652-BFD6-5D4D530644D8}.Debug|x86.ActiveCfg = Debug|Any CPU
		{B915F500-F273-4652-BFD6-5D4D530644D8}.Debug|x86.Build.0 = Debug|Any CPU
		{B915F500-F273-4652-BFD6-5D4D530644D8}.Release|Any CPU.ActiveCfg = Release|Any CPU
		{B915F500-F273-4652-BFD6-5D4D530644D8}.Release|Any CPU.Build.0 = Release|Any CPU
		{B915F500-F273-4652-BFD6-5D4D530644D8}.Release|x86.ActiveCfg = Release|Any CPU
		{B915F500-F273-4652-BFD6-5D4D530644D8}.Release|x86.Build.0 = Release|Any CPU
		{2F641D83-33B9-443F-B129-C674ECA1E1C9}.Debug|Any CPU.ActiveCfg = Debug|Any CPU
		{2F641D83-33B9-443F-B129-C674ECA1E1C9}.Debug|Any CPU.Build.0 = Debug|Any CPU
		{2F641D83-33B9-443F-B129-C674ECA1E1C9}.Debug|x86.ActiveCfg = Debug|Any CPU
		{2F641D83-33B9-443F-B129-C674ECA1E1C9}.Debug|x86.Build.0 = Debug|Any CPU
		{2F641D83-33B9-443F-B129-C674ECA1E1C9}.Release|Any CPU.ActiveCfg = Release|Any CPU
		{2F641D83-33B9-443F-B129-C674ECA1E1C9}.Release|Any CPU.Build.0 = Release|Any CPU
		{2F641D83-33B9-443F-B129-C674ECA1E1C9}.Release|x86.ActiveCfg = Release|Any CPU
		{2F641D83-33B9-443F-B129-C674ECA1E1C9}.Release|x86.Build.0 = Release|Any CPU
		{24FD631A-0F09-4CF7-99F3-C6DF27B42024}.Debug|Any CPU.ActiveCfg = Debug|Any CPU
		{24FD631A-0F09-4CF7-99F3-C6DF27B42024}.Debug|Any CPU.Build.0 = Debug|Any CPU
		{24FD631A-0F09-4CF7-99F3-C6DF27B42024}.Debug|x86.ActiveCfg = Debug|Any CPU
		{24FD631A-0F09-4CF7-99F3-C6DF27B42024}.Debug|x86.Build.0 = Debug|Any CPU
		{24FD631A-0F09-4CF7-99F3-C6DF27B42024}.Release|Any CPU.ActiveCfg = Release|Any CPU
		{24FD631A-0F09-4CF7-99F3-C6DF27B42024}.Release|Any CPU.Build.0 = Release|Any CPU
		{24FD631A-0F09-4CF7-99F3-C6DF27B42024}.Release|x86.ActiveCfg = Release|Any CPU
		{24FD631A-0F09-4CF7-99F3-C6DF27B42024}.Release|x86.Build.0 = Release|Any CPU
		{B8757527-294E-41DE-86AC-538409A3B884}.Debug|Any CPU.ActiveCfg = Debug|Any CPU
		{B8757527-294E-41DE-86AC-538409A3B884}.Debug|Any CPU.Build.0 = Debug|Any CPU
		{B8757527-294E-41DE-86AC-538409A3B884}.Debug|x86.ActiveCfg = Debug|Any CPU
		{B8757527-294E-41DE-86AC-538409A3B884}.Debug|x86.Build.0 = Debug|Any CPU
		{B8757527-294E-41DE-86AC-538409A3B884}.Release|Any CPU.ActiveCfg = Release|Any CPU
		{B8757527-294E-41DE-86AC-538409A3B884}.Release|Any CPU.Build.0 = Release|Any CPU
		{B8757527-294E-41DE-86AC-538409A3B884}.Release|x86.ActiveCfg = Release|Any CPU
		{B8757527-294E-41DE-86AC-538409A3B884}.Release|x86.Build.0 = Release|Any CPU
		{B13019C3-15CA-4B4A-87DE-1D635026D553}.Debug|Any CPU.ActiveCfg = Debug|Any CPU
		{B13019C3-15CA-4B4A-87DE-1D635026D553}.Debug|Any CPU.Build.0 = Debug|Any CPU
		{B13019C3-15CA-4B4A-87DE-1D635026D553}.Debug|x86.ActiveCfg = Debug|Any CPU
		{B13019C3-15CA-4B4A-87DE-1D635026D553}.Debug|x86.Build.0 = Debug|Any CPU
		{B13019C3-15CA-4B4A-87DE-1D635026D553}.Release|Any CPU.ActiveCfg = Release|Any CPU
		{B13019C3-15CA-4B4A-87DE-1D635026D553}.Release|Any CPU.Build.0 = Release|Any CPU
		{B13019C3-15CA-4B4A-87DE-1D635026D553}.Release|x86.ActiveCfg = Release|Any CPU
		{B13019C3-15CA-4B4A-87DE-1D635026D553}.Release|x86.Build.0 = Release|Any CPU
		{C7414BFE-6F6A-45BF-8E95-6D796ADDE95B}.Debug|Any CPU.ActiveCfg = Debug|Any CPU
		{C7414BFE-6F6A-45BF-8E95-6D796ADDE95B}.Debug|Any CPU.Build.0 = Debug|Any CPU
		{C7414BFE-6F6A-45BF-8E95-6D796ADDE95B}.Debug|x86.ActiveCfg = Debug|Any CPU
		{C7414BFE-6F6A-45BF-8E95-6D796ADDE95B}.Debug|x86.Build.0 = Debug|Any CPU
		{C7414BFE-6F6A-45BF-8E95-6D796ADDE95B}.Release|Any CPU.ActiveCfg = Release|Any CPU
		{C7414BFE-6F6A-45BF-8E95-6D796ADDE95B}.Release|Any CPU.Build.0 = Release|Any CPU
		{C7414BFE-6F6A-45BF-8E95-6D796ADDE95B}.Release|x86.ActiveCfg = Release|Any CPU
		{C7414BFE-6F6A-45BF-8E95-6D796ADDE95B}.Release|x86.Build.0 = Release|Any CPU
		{1F1962E3-7E13-4208-9E3D-EA0D6057AD2A}.Debug|Any CPU.ActiveCfg = Debug|Any CPU
		{1F1962E3-7E13-4208-9E3D-EA0D6057AD2A}.Debug|Any CPU.Build.0 = Debug|Any CPU
		{1F1962E3-7E13-4208-9E3D-EA0D6057AD2A}.Debug|x86.ActiveCfg = Debug|Any CPU
		{1F1962E3-7E13-4208-9E3D-EA0D6057AD2A}.Debug|x86.Build.0 = Debug|Any CPU
		{1F1962E3-7E13-4208-9E3D-EA0D6057AD2A}.Release|Any CPU.ActiveCfg = Release|Any CPU
		{1F1962E3-7E13-4208-9E3D-EA0D6057AD2A}.Release|Any CPU.Build.0 = Release|Any CPU
		{1F1962E3-7E13-4208-9E3D-EA0D6057AD2A}.Release|x86.ActiveCfg = Release|Any CPU
		{1F1962E3-7E13-4208-9E3D-EA0D6057AD2A}.Release|x86.Build.0 = Release|Any CPU
		{DC78C3E7-C2E5-4A86-836A-E96C58BD0F3B}.Debug|Any CPU.ActiveCfg = Debug|Any CPU
		{DC78C3E7-C2E5-4A86-836A-E96C58BD0F3B}.Debug|Any CPU.Build.0 = Debug|Any CPU
		{DC78C3E7-C2E5-4A86-836A-E96C58BD0F3B}.Debug|x86.ActiveCfg = Debug|Any CPU
		{DC78C3E7-C2E5-4A86-836A-E96C58BD0F3B}.Debug|x86.Build.0 = Debug|Any CPU
		{DC78C3E7-C2E5-4A86-836A-E96C58BD0F3B}.Release|Any CPU.ActiveCfg = Release|Any CPU
		{DC78C3E7-C2E5-4A86-836A-E96C58BD0F3B}.Release|Any CPU.Build.0 = Release|Any CPU
		{DC78C3E7-C2E5-4A86-836A-E96C58BD0F3B}.Release|x86.ActiveCfg = Release|Any CPU
		{DC78C3E7-C2E5-4A86-836A-E96C58BD0F3B}.Release|x86.Build.0 = Release|Any CPU
		{913D13B5-9148-47DC-8A74-B143D1EC1418}.Debug|Any CPU.ActiveCfg = Debug|Any CPU
		{913D13B5-9148-47DC-8A74-B143D1EC1418}.Debug|Any CPU.Build.0 = Debug|Any CPU
		{913D13B5-9148-47DC-8A74-B143D1EC1418}.Debug|x86.ActiveCfg = Debug|Any CPU
		{913D13B5-9148-47DC-8A74-B143D1EC1418}.Debug|x86.Build.0 = Debug|Any CPU
		{913D13B5-9148-47DC-8A74-B143D1EC1418}.Release|Any CPU.ActiveCfg = Release|Any CPU
		{913D13B5-9148-47DC-8A74-B143D1EC1418}.Release|Any CPU.Build.0 = Release|Any CPU
		{913D13B5-9148-47DC-8A74-B143D1EC1418}.Release|x86.ActiveCfg = Release|Any CPU
		{913D13B5-9148-47DC-8A74-B143D1EC1418}.Release|x86.Build.0 = Release|Any CPU
		{D46A657D-8530-4B9D-B764-ADFA49BA7446}.Debug|Any CPU.ActiveCfg = Debug|Any CPU
		{D46A657D-8530-4B9D-B764-ADFA49BA7446}.Debug|Any CPU.Build.0 = Debug|Any CPU
		{D46A657D-8530-4B9D-B764-ADFA49BA7446}.Debug|x86.ActiveCfg = Debug|Any CPU
		{D46A657D-8530-4B9D-B764-ADFA49BA7446}.Debug|x86.Build.0 = Debug|Any CPU
		{D46A657D-8530-4B9D-B764-ADFA49BA7446}.Release|Any CPU.ActiveCfg = Release|Any CPU
		{D46A657D-8530-4B9D-B764-ADFA49BA7446}.Release|Any CPU.Build.0 = Release|Any CPU
		{D46A657D-8530-4B9D-B764-ADFA49BA7446}.Release|x86.ActiveCfg = Release|Any CPU
		{D46A657D-8530-4B9D-B764-ADFA49BA7446}.Release|x86.Build.0 = Release|Any CPU
		{30636309-8030-4933-8392-7924BAE3A262}.Debug|Any CPU.ActiveCfg = Debug|Any CPU
		{30636309-8030-4933-8392-7924BAE3A262}.Debug|Any CPU.Build.0 = Debug|Any CPU
		{30636309-8030-4933-8392-7924BAE3A262}.Debug|x86.ActiveCfg = Debug|Any CPU
		{30636309-8030-4933-8392-7924BAE3A262}.Debug|x86.Build.0 = Debug|Any CPU
		{30636309-8030-4933-8392-7924BAE3A262}.Release|Any CPU.ActiveCfg = Release|Any CPU
		{30636309-8030-4933-8392-7924BAE3A262}.Release|Any CPU.Build.0 = Release|Any CPU
		{30636309-8030-4933-8392-7924BAE3A262}.Release|x86.ActiveCfg = Release|Any CPU
		{30636309-8030-4933-8392-7924BAE3A262}.Release|x86.Build.0 = Release|Any CPU
		{754F0853-5C1F-422B-8969-96664DF17A9C}.Debug|Any CPU.ActiveCfg = Debug|Any CPU
		{754F0853-5C1F-422B-8969-96664DF17A9C}.Debug|Any CPU.Build.0 = Debug|Any CPU
		{754F0853-5C1F-422B-8969-96664DF17A9C}.Debug|x86.ActiveCfg = Debug|Any CPU
		{754F0853-5C1F-422B-8969-96664DF17A9C}.Debug|x86.Build.0 = Debug|Any CPU
		{754F0853-5C1F-422B-8969-96664DF17A9C}.Release|Any CPU.ActiveCfg = Release|Any CPU
		{754F0853-5C1F-422B-8969-96664DF17A9C}.Release|Any CPU.Build.0 = Release|Any CPU
		{754F0853-5C1F-422B-8969-96664DF17A9C}.Release|x86.ActiveCfg = Release|Any CPU
		{754F0853-5C1F-422B-8969-96664DF17A9C}.Release|x86.Build.0 = Release|Any CPU
		{FC381B07-C102-472D-A73A-6EB71F9D67B0}.Debug|Any CPU.ActiveCfg = Debug|Any CPU
		{FC381B07-C102-472D-A73A-6EB71F9D67B0}.Debug|Any CPU.Build.0 = Debug|Any CPU
		{FC381B07-C102-472D-A73A-6EB71F9D67B0}.Debug|x86.ActiveCfg = Debug|Any CPU
		{FC381B07-C102-472D-A73A-6EB71F9D67B0}.Debug|x86.Build.0 = Debug|Any CPU
		{FC381B07-C102-472D-A73A-6EB71F9D67B0}.Release|Any CPU.ActiveCfg = Release|Any CPU
		{FC381B07-C102-472D-A73A-6EB71F9D67B0}.Release|Any CPU.Build.0 = Release|Any CPU
		{FC381B07-C102-472D-A73A-6EB71F9D67B0}.Release|x86.ActiveCfg = Release|Any CPU
		{FC381B07-C102-472D-A73A-6EB71F9D67B0}.Release|x86.Build.0 = Release|Any CPU
		{A5CDB779-6B8B-4DEF-A87E-F892355C9A96}.Debug|Any CPU.ActiveCfg = Debug|Any CPU
		{A5CDB779-6B8B-4DEF-A87E-F892355C9A96}.Debug|Any CPU.Build.0 = Debug|Any CPU
		{A5CDB779-6B8B-4DEF-A87E-F892355C9A96}.Debug|x86.ActiveCfg = Debug|Any CPU
		{A5CDB779-6B8B-4DEF-A87E-F892355C9A96}.Debug|x86.Build.0 = Debug|Any CPU
		{A5CDB779-6B8B-4DEF-A87E-F892355C9A96}.Release|Any CPU.ActiveCfg = Release|Any CPU
		{A5CDB779-6B8B-4DEF-A87E-F892355C9A96}.Release|Any CPU.Build.0 = Release|Any CPU
		{A5CDB779-6B8B-4DEF-A87E-F892355C9A96}.Release|x86.ActiveCfg = Release|Any CPU
		{A5CDB779-6B8B-4DEF-A87E-F892355C9A96}.Release|x86.Build.0 = Release|Any CPU
	EndGlobalSection
	GlobalSection(SolutionProperties) = preSolution
		HideSolutionNode = FALSE
	EndGlobalSection
	GlobalSection(NestedProjects) = preSolution
		{B475C173-A39D-4A75-93FF-69C3D2742CAD} = {72AAA528-FD70-45DA-82F8-1D29FC27F81F}
		{697E2991-39A8-46C2-AA9C-FE576FBBCD90} = {72AAA528-FD70-45DA-82F8-1D29FC27F81F}
		{70BBA457-2CC1-4929-8FEE-359EBB7C398A} = {72AAA528-FD70-45DA-82F8-1D29FC27F81F}
		{D90E7402-70E7-4A95-A292-47EA163D6309} = {72AAA528-FD70-45DA-82F8-1D29FC27F81F}
		{BD80CDC4-25FF-4268-8131-F7A43260122B} = {72AAA528-FD70-45DA-82F8-1D29FC27F81F}
		{0A0621F2-D1DC-47FF-B643-C6646557505E} = {80E410B3-D8D1-4C67-93FF-078530E20816}
		{F8502E24-5EB1-4CDC-8887-1A0CC8008D96} = {1F4F7A9B-FD3B-495F-86D0-89A7DEA2128C}
		{D8762A0A-3832-47BE-BCF6-8B1060BE6B28} = {041E93F2-E703-4AB1-B6DF-13EC899D1C6E}
		{921B412A-5551-4853-82B4-46AD5A05A03E} = {041E93F2-E703-4AB1-B6DF-13EC899D1C6E}
		{B1A6A74B-E484-48FB-8745-7A30A06DB631} = {041E93F2-E703-4AB1-B6DF-13EC899D1C6E}
		{0C2925AD-CD97-46FA-A686-E2C1AD19DAD8} = {041E93F2-E703-4AB1-B6DF-13EC899D1C6E}
		{54F6AE18-B0CD-4799-9DF0-9B1AAD6A78AF} = {041E93F2-E703-4AB1-B6DF-13EC899D1C6E}
		{AD31451B-0D31-41A9-8447-66569D2E07B6} = {87CF7748-CEB9-4D1A-9A56-F4364B73AB55}
		{730C2D1C-0276-4132-85EA-675CE60068BB} = {446787CE-66C8-43F0-9D51-585BB41FC770}
		{0EA928BE-51C1-4087-B48A-ECE9C5E0C5B0} = {446787CE-66C8-43F0-9D51-585BB41FC770}
		{EA61DA2E-D175-4430-A56B-17BAC4B227A9} = {446787CE-66C8-43F0-9D51-585BB41FC770}
		{6762EB1D-517C-4746-80EB-D11717ACD469} = {446787CE-66C8-43F0-9D51-585BB41FC770}
		{938F2420-14B8-4C7C-93BE-C9E89E08E823} = {446787CE-66C8-43F0-9D51-585BB41FC770}
		{7ED0990C-5642-481D-89BC-3AFC88C38A2D} = {87CF7748-CEB9-4D1A-9A56-F4364B73AB55}
		{4A0E01CD-CBE1-4C77-87C1-7B2FC9DFF00E} = {2FD3F380-3F97-40C6-BBEA-76C22447FDE2}
		{B915F500-F273-4652-BFD6-5D4D530644D8} = {2FD3F380-3F97-40C6-BBEA-76C22447FDE2}
		{2F641D83-33B9-443F-B129-C674ECA1E1C9} = {2FD3F380-3F97-40C6-BBEA-76C22447FDE2}
		{24FD631A-0F09-4CF7-99F3-C6DF27B42024} = {2FD3F380-3F97-40C6-BBEA-76C22447FDE2}
		{B8757527-294E-41DE-86AC-538409A3B884} = {2FD3F380-3F97-40C6-BBEA-76C22447FDE2}
		{B13019C3-15CA-4B4A-87DE-1D635026D553} = {F51DA745-0649-4FC2-B85B-02CA13F0A173}
		{C7414BFE-6F6A-45BF-8E95-6D796ADDE95B} = {F51DA745-0649-4FC2-B85B-02CA13F0A173}
		{1F1962E3-7E13-4208-9E3D-EA0D6057AD2A} = {F51DA745-0649-4FC2-B85B-02CA13F0A173}
		{DC78C3E7-C2E5-4A86-836A-E96C58BD0F3B} = {F51DA745-0649-4FC2-B85B-02CA13F0A173}
		{913D13B5-9148-47DC-8A74-B143D1EC1418} = {F51DA745-0649-4FC2-B85B-02CA13F0A173}
		{D46A657D-8530-4B9D-B764-ADFA49BA7446} = {AB503AAC-EE72-4DD4-A339-C7DD545494DB}
		{30636309-8030-4933-8392-7924BAE3A262} = {AB503AAC-EE72-4DD4-A339-C7DD545494DB}
		{754F0853-5C1F-422B-8969-96664DF17A9C} = {AB503AAC-EE72-4DD4-A339-C7DD545494DB}
		{FC381B07-C102-472D-A73A-6EB71F9D67B0} = {AB503AAC-EE72-4DD4-A339-C7DD545494DB}
		{A5CDB779-6B8B-4DEF-A87E-F892355C9A96} = {AB503AAC-EE72-4DD4-A339-C7DD545494DB}
	EndGlobalSection
EndGlobal
